
Microsoft Visual Studio Solution File, Format Version 12.00
# Visual Studio Version 17
VisualStudioVersion = 17.0.31903.59
MinimumVisualStudioVersion = 10.0.40219.1
Project("{2150E333-8FDC-42A3-9474-1A3956D46DE8}") = "src", "src", "{827E0CD3-B72D-47B6-A68D-7590B98EB39B}"
EndProject
Project("{2150E333-8FDC-42A3-9474-1A3956D46DE8}") = "backend", "backend", "{FE360695-3F2B-1049-3887-35FBB5135923}"
EndProject
Project("{2150E333-8FDC-42A3-9474-1A3956D46DE8}") = "Host", "Host", "{A1B2C3D4-E5F6-7890-ABCD-EF1234567890}"
EndProject
Project("{2150E333-8FDC-42A3-9474-1A3956D46DE8}") = "Modules", "Modules", "{B2C3D4E5-F6A7-8901-BCDE-F12345678901}"
EndProject
Project("{2150E333-8FDC-42A3-9474-1A3956D46DE8}") = "Platform", "Platform", "{C3D4E5F6-A7B8-9012-CDEF-123456789012}"
EndProject
Project("{FAE04EC0-301F-11D3-BF4B-00C04F79EFBC}") = "TravelCore.Api", "src\backend\TravelCore.Api\TravelCore.Api.csproj", "{F77B2429-4A49-4B7E-8708-8D394F4BA51F}"
EndProject
Project("{FAE04EC0-301F-11D3-BF4B-00C04F79EFBC}") = "TravelCore.Modularity", "src\backend\Platform\Modularity\TravelCore.Modularity\TravelCore.Modularity.csproj", "{D4E5F6A7-B8C9-0123-DEF0-234567890123}"
EndProject
Project("{FAE04EC0-301F-11D3-BF4B-00C04F79EFBC}") = "TravelCore.ApiFoundation", "src\backend\Platform\Api\TravelCore.ApiFoundation\TravelCore.ApiFoundation.csproj", "{E5F6A7B8-C9D0-1234-EF01-345678901234}"
EndProject
Project("{FAE04EC0-301F-11D3-BF4B-00C04F79EFBC}") = "TravelCore.Configuration", "src\backend\Platform\Configuration\TravelCore.Configuration\TravelCore.Configuration.csproj", "{F6A7B8C9-D0E1-2345-F012-456789012345}"
EndProject
Project("{FAE04EC0-301F-11D3-BF4B-00C04F79EFBC}") = "TravelCore.Health", "src\backend\Platform\Health\TravelCore.Health\TravelCore.Health.csproj", "{A7B8C9D0-E1F2-3456-0123-567890123456}"
EndProject
Project("{FAE04EC0-301F-11D3-BF4B-00C04F79EFBC}") = "TravelCore.Observability", "src\backend\Platform\Observability\TravelCore.Observability\TravelCore.Observability.csproj", "{B8C9D0E1-F2A3-4567-1234-678901234567}"
EndProject
Project("{FAE04EC0-301F-11D3-BF4B-00C04F79EFBC}") = "TravelCore.Identifiers", "src\backend\Platform\Identifiers\TravelCore.Identifiers\TravelCore.Identifiers.csproj", "{C9D0E1F2-A3B4-5678-2345-789012345678}"
EndProject
Project("{FAE04EC0-301F-11D3-BF4B-00C04F79EFBC}") = "TravelCore.Time", "src\backend\Platform\Time\TravelCore.Time\TravelCore.Time.csproj", "{D0E1F2A3-B4C5-6789-3456-890123456789}"
EndProject
Project("{FAE04EC0-301F-11D3-BF4B-00C04F79EFBC}") = "TravelCore.Money", "src\backend\Platform\Money\TravelCore.Money\TravelCore.Money.csproj", "{2C6C04DF-D598-435D-9940-DA78A17C1FD6}"
EndProject
Project("{2150E333-8FDC-42A3-9474-1A3956D46DE8}") = "Persistence", "Persistence", "{B47AA438-75E5-4449-954A-7BB77576BD7C}"
EndProject
Project("{2150E333-8FDC-42A3-9474-1A3956D46DE8}") = "PostgreSql", "PostgreSql", "{67D43A25-84DD-7A75-96AA-5EDFCC44EB47}"
EndProject
Project("{FAE04EC0-301F-11D3-BF4B-00C04F79EFBC}") = "TravelCore.Persistence.PostgreSql", "src\backend\Platform\Persistence\PostgreSql\TravelCore.Persistence.PostgreSql\TravelCore.Persistence.PostgreSql.csproj", "{C2A58C60-36E9-4649-912C-A959D1B938D0}"
EndProject
Project("{2150E333-8FDC-42A3-9474-1A3956D46DE8}") = "tests", "tests", "{0AB3BF05-4346-4AA6-1389-037BE0695223}"
EndProject
Project("{2150E333-8FDC-42A3-9474-1A3956D46DE8}") = "Fixtures", "Fixtures", "{F12727AA-ABEF-07AF-E6F0-CD96E3D9A8AF}"
EndProject
Project("{2150E333-8FDC-42A3-9474-1A3956D46DE8}") = "Persistence", "Persistence", "{9AAADD76-F085-A56B-494F-31834F593650}"
EndProject
Project("{FAE04EC0-301F-11D3-BF4B-00C04F79EFBC}") = "TravelCore.PersistenceFixture", "tests\Fixtures\Persistence\TravelCore.PersistenceFixture\TravelCore.PersistenceFixture.csproj", "{905C95E0-103B-4DEA-AF0C-F1ED2BB99C09}"
EndProject
Project("{2150E333-8FDC-42A3-9474-1A3956D46DE8}") = "Architecture", "Architecture", "{875CD587-DE2F-08EE-74FB-D6BE4E474EF3}"
EndProject
Project("{FAE04EC0-301F-11D3-BF4B-00C04F79EFBC}") = "TravelCore.ArchitectureTests", "tests\Architecture\TravelCore.ArchitectureTests\TravelCore.ArchitectureTests.csproj", "{D11CB172-BF83-4263-8F12-0016DA4FCC42}"
EndProject
Project("{2150E333-8FDC-42A3-9474-1A3956D46DE8}") = "Integration", "Integration", "{28A6993C-471E-82FE-7D9E-AD3B1EC22BD9}"
EndProject
Project("{FAE04EC0-301F-11D3-BF4B-00C04F79EFBC}") = "TravelCore.Persistence.IntegrationTests", "tests\Integration\TravelCore.Persistence.IntegrationTests\TravelCore.Persistence.IntegrationTests.csproj", "{0E530DB1-317C-4B3C-944F-128FDA1600E7}"
EndProject
Project("{FAE04EC0-301F-11D3-BF4B-00C04F79EFBC}") = "TravelCore.Host.IntegrationTests", "tests\Integration\TravelCore.Host.IntegrationTests\TravelCore.Host.IntegrationTests.csproj", "{C10D16A2-C3D5-499B-A044-FA436363A67C}"
EndProject
Project("{FAE04EC0-301F-11D3-BF4B-00C04F79EFBC}") = "TravelCore.Modules.Identity.Infrastructure", "src\backend\Modules\Identity\TravelCore.Modules.Identity.Infrastructure\TravelCore.Modules.Identity.Infrastructure.csproj", "{74B83562-E491-4E8E-A650-9DD18805D1DB}"
EndProject
Project("{FAE04EC0-301F-11D3-BF4B-00C04F79EFBC}") = "TravelCore.Modules.Access.Infrastructure", "src\backend\Modules\Access\TravelCore.Modules.Access.Infrastructure\TravelCore.Modules.Access.Infrastructure.csproj", "{A509E17E-A4CA-43EA-B764-BAA45D8475CD}"
EndProject
Project("{FAE04EC0-301F-11D3-BF4B-00C04F79EFBC}") = "TravelCore.Modules.Party.Infrastructure", "src\backend\Modules\Party\TravelCore.Modules.Party.Infrastructure\TravelCore.Modules.Party.Infrastructure.csproj", "{30D55E5F-09E2-4920-86BC-B8FE8515B8DB}"
EndProject
Project("{2150E333-8FDC-42A3-9474-1A3956D46DE8}") = "Party", "Party", "{BA5AEF76-B018-851D-102E-A215CE6ED257}"
EndProject
Project("{FAE04EC0-301F-11D3-BF4B-00C04F79EFBC}") = "TravelCore.Modules.Party.Domain", "src\backend\Modules\Party\TravelCore.Modules.Party.Domain\TravelCore.Modules.Party.Domain.csproj", "{A9236DEC-989E-4EF9-93A4-2C04B8895289}"
EndProject
Project("{2150E333-8FDC-42A3-9474-1A3956D46DE8}") = "Identifiers", "Identifiers", "{5F458ED2-C4CC-B43E-2955-1C201A2F7CA2}"
EndProject
Project("{FAE04EC0-301F-11D3-BF4B-00C04F79EFBC}") = "TravelCore.Modules.Party.Contracts", "src\backend\Modules\Party\TravelCore.Modules.Party.Contracts\TravelCore.Modules.Party.Contracts.csproj", "{9912405F-9928-41F8-816E-A594DFE45331}"
EndProject
Project("{2150E333-8FDC-42A3-9474-1A3956D46DE8}") = "Unit", "Unit", "{9D556B49-86D1-93A7-9596-FFAAB74EC556}"
EndProject
Project("{FAE04EC0-301F-11D3-BF4B-00C04F79EFBC}") = "TravelCore.Modules.Party.UnitTests", "tests\Unit\TravelCore.Modules.Party.UnitTests\TravelCore.Modules.Party.UnitTests.csproj", "{89CB9495-D0F0-44EF-AB4C-7A1C08F54D70}"
EndProject
Project("{2150E333-8FDC-42A3-9474-1A3956D46DE8}") = "Identity", "Identity", "{12365B8C-60B2-4EDA-CAB4-08DC6ED3D7FC}"
EndProject
Project("{FAE04EC0-301F-11D3-BF4B-00C04F79EFBC}") = "TravelCore.Modules.Identity.Domain", "src\backend\Modules\Identity\TravelCore.Modules.Identity.Domain\TravelCore.Modules.Identity.Domain.csproj", "{B32D148F-BC32-4BA2-A103-A5426FBA917F}"
EndProject
Project("{FAE04EC0-301F-11D3-BF4B-00C04F79EFBC}") = "TravelCore.Modules.Identity.Contracts", "src\backend\Modules\Identity\TravelCore.Modules.Identity.Contracts\TravelCore.Modules.Identity.Contracts.csproj", "{ADFC907D-90B1-4BFD-AD65-2A12D5F5627E}"
EndProject
Project("{FAE04EC0-301F-11D3-BF4B-00C04F79EFBC}") = "TravelCore.Modules.Identity.UnitTests", "tests\Unit\TravelCore.Modules.Identity.UnitTests\TravelCore.Modules.Identity.UnitTests.csproj", "{A80AD4F6-3CB4-434F-8F61-C14622114F01}"
EndProject
Project("{2150E333-8FDC-42A3-9474-1A3956D46DE8}") = "Access", "Access", "{16BFB6CA-E456-B0AD-4A8C-132626F41D74}"
EndProject
Project("{FAE04EC0-301F-11D3-BF4B-00C04F79EFBC}") = "TravelCore.Modules.Access.Domain", "src\backend\Modules\Access\TravelCore.Modules.Access.Domain\TravelCore.Modules.Access.Domain.csproj", "{D465A9F4-99D8-4B64-9998-0A2BCD622822}"
EndProject
Project("{FAE04EC0-301F-11D3-BF4B-00C04F79EFBC}") = "TravelCore.Modules.Access.Contracts", "src\backend\Modules\Access\TravelCore.Modules.Access.Contracts\TravelCore.Modules.Access.Contracts.csproj", "{9020E6FF-A545-4159-A64C-200FC2A534A7}"
EndProject
Project("{FAE04EC0-301F-11D3-BF4B-00C04F79EFBC}") = "TravelCore.Modules.Access.UnitTests", "tests\Unit\TravelCore.Modules.Access.UnitTests\TravelCore.Modules.Access.UnitTests.csproj", "{88F2FB3C-B7AE-46F6-AA3F-353560B6B606}"
EndProject
Project("{2150E333-8FDC-42A3-9474-1A3956D46DE8}") = "ReferenceData", "ReferenceData", "{1534AB34-A78A-2766-A64D-AC0E1F8F2209}"
EndProject
Project("{FAE04EC0-301F-11D3-BF4B-00C04F79EFBC}") = "TravelCore.Modules.ReferenceData.Infrastructure", "src\backend\Modules\ReferenceData\TravelCore.Modules.ReferenceData.Infrastructure\TravelCore.Modules.ReferenceData.Infrastructure.csproj", "{46ECA025-9875-4DB2-98BB-E00C369AB0F1}"
EndProject
Project("{2150E333-8FDC-42A3-9474-1A3956D46DE8}") = "Modularity", "Modularity", "{367F9E59-7C59-3DD7-F3CD-31FB7B62CBA1}"
EndProject
Project("{2150E333-8FDC-42A3-9474-1A3956D46DE8}") = "Destination", "Destination", "{B8A99BF0-138C-4233-1DF2-DE1B8863F6BF}"
EndProject
Project("{FAE04EC0-301F-11D3-BF4B-00C04F79EFBC}") = "TravelCore.Modules.Destination.Infrastructure", "src\backend\Modules\Destination\TravelCore.Modules.Destination.Infrastructure\TravelCore.Modules.Destination.Infrastructure.csproj", "{A194C99E-7F26-4D64-822C-2A9A23A389B7}"
EndProject
Project("{FAE04EC0-301F-11D3-BF4B-00C04F79EFBC}") = "TravelCore.Modules.ReferenceData.Domain", "src\backend\Modules\ReferenceData\TravelCore.Modules.ReferenceData.Domain\TravelCore.Modules.ReferenceData.Domain.csproj", "{7E0DB141-5CB0-4A0D-B308-D3F855B406BD}"
EndProject
Project("{2150E333-8FDC-42A3-9474-1A3956D46DE8}") = "Money", "Money", "{A47D2372-7BF4-9623-50F3-1DBA8F90FAD0}"
EndProject
Project("{FAE04EC0-301F-11D3-BF4B-00C04F79EFBC}") = "TravelCore.Modules.ReferenceData.Contracts", "src\backend\Modules\ReferenceData\TravelCore.Modules.ReferenceData.Contracts\TravelCore.Modules.ReferenceData.Contracts.csproj", "{4A13DDB5-AF4C-4A6F-BFE6-FBB76FB1AEC7}"
EndProject
Project("{FAE04EC0-301F-11D3-BF4B-00C04F79EFBC}") = "TravelCore.Modules.ReferenceData.UnitTests", "tests\Unit\TravelCore.Modules.ReferenceData.UnitTests\TravelCore.Modules.ReferenceData.UnitTests.csproj", "{0BB9E29F-A5DE-4AC9-84AD-C39CE4A7AD2A}"
EndProject
Project("{FAE04EC0-301F-11D3-BF4B-00C04F79EFBC}") = "TravelCore.Modules.Destination.Domain", "src\backend\Modules\Destination\TravelCore.Modules.Destination.Domain\TravelCore.Modules.Destination.Domain.csproj", "{6FF483E7-DBD3-43C4-B899-42AB7B185E5B}"
EndProject
Project("{FAE04EC0-301F-11D3-BF4B-00C04F79EFBC}") = "TravelCore.Modules.Destination.Contracts", "src\backend\Modules\Destination\TravelCore.Modules.Destination.Contracts\TravelCore.Modules.Destination.Contracts.csproj", "{3E5BBD02-E8CC-46F3-B3B0-1D0CE222515C}"
EndProject
Project("{FAE04EC0-301F-11D3-BF4B-00C04F79EFBC}") = "TravelCore.Modules.Destination.UnitTests", "tests\Unit\TravelCore.Modules.Destination.UnitTests\TravelCore.Modules.Destination.UnitTests.csproj", "{950A1333-E25A-4EB1-A086-8E731C4CF1FC}"
EndProject
Project("{2150E333-8FDC-42A3-9474-1A3956D46DE8}") = "Seo", "Seo", "{3E8ED6E2-9EE1-41D8-95B7-54F47373C395}"
EndProject
Project("{FAE04EC0-301F-11D3-BF4B-00C04F79EFBC}") = "TravelCore.Modules.Seo.Contracts", "src\backend\Modules\Seo\TravelCore.Modules.Seo.Contracts\TravelCore.Modules.Seo.Contracts.csproj", "{FE68742E-CE62-4AA9-BF90-61795BD41A6F}"
EndProject
Project("{FAE04EC0-301F-11D3-BF4B-00C04F79EFBC}") = "TravelCore.Modules.Seo.Domain", "src\backend\Modules\Seo\TravelCore.Modules.Seo.Domain\TravelCore.Modules.Seo.Domain.csproj", "{98208E2C-D147-447D-A172-44F98AE411B5}"
EndProject
Project("{FAE04EC0-301F-11D3-BF4B-00C04F79EFBC}") = "TravelCore.Modules.Seo.Infrastructure", "src\backend\Modules\Seo\TravelCore.Modules.Seo.Infrastructure\TravelCore.Modules.Seo.Infrastructure.csproj", "{507A2481-438A-4793-B67B-4FB90A16AD87}"
EndProject
Project("{FAE04EC0-301F-11D3-BF4B-00C04F79EFBC}") = "TravelCore.Modules.Seo.UnitTests", "tests\Unit\TravelCore.Modules.Seo.UnitTests\TravelCore.Modules.Seo.UnitTests.csproj", "{5066D093-2890-4587-B898-078D8CC20AC5}"
EndProject
Project("{2150E333-8FDC-42A3-9474-1A3956D46DE8}") = "Media", "Media", "{F713F809-E479-1AD3-4FF4-64AA5351F844}"
EndProject
Project("{FAE04EC0-301F-11D3-BF4B-00C04F79EFBC}") = "TravelCore.Modules.Media.Contracts", "src\backend\Modules\Media\TravelCore.Modules.Media.Contracts\TravelCore.Modules.Media.Contracts.csproj", "{2E94E661-BD25-489F-A1E8-54E2F1CFE4E8}"
EndProject
Project("{FAE04EC0-301F-11D3-BF4B-00C04F79EFBC}") = "TravelCore.Modules.Media.Domain", "src\backend\Modules\Media\TravelCore.Modules.Media.Domain\TravelCore.Modules.Media.Domain.csproj", "{A72C504E-60E0-4FE3-83A2-2E7648BB46A6}"
EndProject
Project("{FAE04EC0-301F-11D3-BF4B-00C04F79EFBC}") = "TravelCore.Modules.Media.Infrastructure", "src\backend\Modules\Media\TravelCore.Modules.Media.Infrastructure\TravelCore.Modules.Media.Infrastructure.csproj", "{56CC1299-8123-472E-8FC0-10A2F6C955BD}"
EndProject
Project("{FAE04EC0-301F-11D3-BF4B-00C04F79EFBC}") = "TravelCore.Modules.Media.UnitTests", "tests\Unit\TravelCore.Modules.Media.UnitTests\TravelCore.Modules.Media.UnitTests.csproj", "{41EED9FA-6EAE-4562-8DA3-1DC0E2B08FE1}"
EndProject
Project("{2150E333-8FDC-42A3-9474-1A3956D46DE8}") = "Place", "Place", "{30E7F43B-0FC8-4768-6F20-7EFBA8ACE16B}"
EndProject
Project("{FAE04EC0-301F-11D3-BF4B-00C04F79EFBC}") = "TravelCore.Modules.Place.Contracts", "src\backend\Modules\Place\TravelCore.Modules.Place.Contracts\TravelCore.Modules.Place.Contracts.csproj", "{02D5C87B-8F7C-4A1C-A6BF-F0D8BA1BD9BD}"
EndProject
Project("{FAE04EC0-301F-11D3-BF4B-00C04F79EFBC}") = "TravelCore.Modules.Place.Domain", "src\backend\Modules\Place\TravelCore.Modules.Place.Domain\TravelCore.Modules.Place.Domain.csproj", "{E9890B17-61BC-4FDF-A407-A122F3CB242C}"
EndProject
Project("{FAE04EC0-301F-11D3-BF4B-00C04F79EFBC}") = "TravelCore.Modules.Place.Infrastructure", "src\backend\Modules\Place\TravelCore.Modules.Place.Infrastructure\TravelCore.Modules.Place.Infrastructure.csproj", "{2759186C-F580-4462-9AFD-DA0890C8236A}"
EndProject
Project("{FAE04EC0-301F-11D3-BF4B-00C04F79EFBC}") = "TravelCore.Modules.Place.UnitTests", "tests\Unit\TravelCore.Modules.Place.UnitTests\TravelCore.Modules.Place.UnitTests.csproj", "{53B641EC-B7CD-45C6-869D-15F2B3E6B855}"
EndProject
Global
	GlobalSection(SolutionConfigurationPlatforms) = preSolution
		Debug|Any CPU = Debug|Any CPU
		Debug|x64 = Debug|x64
		Debug|x86 = Debug|x86
		Release|Any CPU = Release|Any CPU
		Release|x64 = Release|x64
		Release|x86 = Release|x86
	EndGlobalSection
	GlobalSection(ProjectConfigurationPlatforms) = postSolution
		{F77B2429-4A49-4B7E-8708-8D394F4BA51F}.Debug|Any CPU.ActiveCfg = Debug|Any CPU
		{F77B2429-4A49-4B7E-8708-8D394F4BA51F}.Debug|Any CPU.Build.0 = Debug|Any CPU
		{F77B2429-4A49-4B7E-8708-8D394F4BA51F}.Debug|x64.ActiveCfg = Debug|Any CPU
		{F77B2429-4A49-4B7E-8708-8D394F4BA51F}.Debug|x64.Build.0 = Debug|Any CPU
		{F77B2429-4A49-4B7E-8708-8D394F4BA51F}.Debug|x86.ActiveCfg = Debug|Any CPU
		{F77B2429-4A49-4B7E-8708-8D394F4BA51F}.Debug|x86.Build.0 = Debug|Any CPU
		{F77B2429-4A49-4B7E-8708-8D394F4BA51F}.Release|Any CPU.ActiveCfg = Release|Any CPU
		{F77B2429-4A49-4B7E-8708-8D394F4BA51F}.Release|Any CPU.Build.0 = Release|Any CPU
		{F77B2429-4A49-4B7E-8708-8D394F4BA51F}.Release|x64.ActiveCfg = Release|Any CPU
		{F77B2429-4A49-4B7E-8708-8D394F4BA51F}.Release|x64.Build.0 = Release|Any CPU
		{F77B2429-4A49-4B7E-8708-8D394F4BA51F}.Release|x86.ActiveCfg = Release|Any CPU
		{F77B2429-4A49-4B7E-8708-8D394F4BA51F}.Release|x86.Build.0 = Release|Any CPU
		{D4E5F6A7-B8C9-0123-DEF0-234567890123}.Debug|Any CPU.ActiveCfg = Debug|Any CPU
		{D4E5F6A7-B8C9-0123-DEF0-234567890123}.Debug|Any CPU.Build.0 = Debug|Any CPU
		{D4E5F6A7-B8C9-0123-DEF0-234567890123}.Debug|x64.ActiveCfg = Debug|Any CPU
		{D4E5F6A7-B8C9-0123-DEF0-234567890123}.Debug|x64.Build.0 = Debug|Any CPU
		{D4E5F6A7-B8C9-0123-DEF0-234567890123}.Debug|x86.ActiveCfg = Debug|Any CPU
		{D4E5F6A7-B8C9-0123-DEF0-234567890123}.Debug|x86.Build.0 = Debug|Any CPU
		{D4E5F6A7-B8C9-0123-DEF0-234567890123}.Release|Any CPU.ActiveCfg = Release|Any CPU
		{D4E5F6A7-B8C9-0123-DEF0-234567890123}.Release|Any CPU.Build.0 = Release|Any CPU
		{D4E5F6A7-B8C9-0123-DEF0-234567890123}.Release|x64.ActiveCfg = Release|Any CPU
		{D4E5F6A7-B8C9-0123-DEF0-234567890123}.Release|x64.Build.0 = Release|Any CPU
		{D4E5F6A7-B8C9-0123-DEF0-234567890123}.Release|x86.ActiveCfg = Release|Any CPU
		{D4E5F6A7-B8C9-0123-DEF0-234567890123}.Release|x86.Build.0 = Release|Any CPU
		{E5F6A7B8-C9D0-1234-EF01-345678901234}.Debug|Any CPU.ActiveCfg = Debug|Any CPU
		{E5F6A7B8-C9D0-1234-EF01-345678901234}.Debug|Any CPU.Build.0 = Debug|Any CPU
		{E5F6A7B8-C9D0-1234-EF01-345678901234}.Debug|x64.ActiveCfg = Debug|Any CPU
		{E5F6A7B8-C9D0-1234-EF01-345678901234}.Debug|x64.Build.0 = Debug|Any CPU
		{E5F6A7B8-C9D0-1234-EF01-345678901234}.Debug|x86.ActiveCfg = Debug|Any CPU
		{E5F6A7B8-C9D0-1234-EF01-345678901234}.Debug|x86.Build.0 = Debug|Any CPU
		{E5F6A7B8-C9D0-1234-EF01-345678901234}.Release|Any CPU.ActiveCfg = Release|Any CPU
		{E5F6A7B8-C9D0-1234-EF01-345678901234}.Release|Any CPU.Build.0 = Release|Any CPU
		{E5F6A7B8-C9D0-1234-EF01-345678901234}.Release|x64.ActiveCfg = Release|Any CPU
		{E5F6A7B8-C9D0-1234-EF01-345678901234}.Release|x64.Build.0 = Release|Any CPU
		{E5F6A7B8-C9D0-1234-EF01-345678901234}.Release|x86.ActiveCfg = Release|Any CPU
		{E5F6A7B8-C9D0-1234-EF01-345678901234}.Release|x86.Build.0 = Release|Any CPU
		{F6A7B8C9-D0E1-2345-F012-456789012345}.Debug|Any CPU.ActiveCfg = Debug|Any CPU
		{F6A7B8C9-D0E1-2345-F012-456789012345}.Debug|Any CPU.Build.0 = Debug|Any CPU
		{F6A7B8C9-D0E1-2345-F012-456789012345}.Debug|x64.ActiveCfg = Debug|Any CPU
		{F6A7B8C9-D0E1-2345-F012-456789012345}.Debug|x64.Build.0 = Debug|Any CPU
		{F6A7B8C9-D0E1-2345-F012-456789012345}.Debug|x86.ActiveCfg = Debug|Any CPU
		{F6A7B8C9-D0E1-2345-F012-456789012345}.Debug|x86.Build.0 = Debug|Any CPU
		{F6A7B8C9-D0E1-2345-F012-456789012345}.Release|Any CPU.ActiveCfg = Release|Any CPU
		{F6A7B8C9-D0E1-2345-F012-456789012345}.Release|Any CPU.Build.0 = Release|Any CPU
		{F6A7B8C9-D0E1-2345-F012-456789012345}.Release|x64.ActiveCfg = Release|Any CPU
		{F6A7B8C9-D0E1-2345-F012-456789012345}.Release|x64.Build.0 = Release|Any CPU
		{F6A7B8C9-D0E1-2345-F012-456789012345}.Release|x86.ActiveCfg = Release|Any CPU
		{F6A7B8C9-D0E1-2345-F012-456789012345}.Release|x86.Build.0 = Release|Any CPU
		{A7B8C9D0-E1F2-3456-0123-567890123456}.Debug|Any CPU.ActiveCfg = Debug|Any CPU
		{A7B8C9D0-E1F2-3456-0123-567890123456}.Debug|Any CPU.Build.0 = Debug|Any CPU
		{A7B8C9D0-E1F2-3456-0123-567890123456}.Debug|x64.ActiveCfg = Debug|Any CPU
		{A7B8C9D0-E1F2-3456-0123-567890123456}.Debug|x64.Build.0 = Debug|Any CPU
		{A7B8C9D0-E1F2-3456-0123-567890123456}.Debug|x86.ActiveCfg = Debug|Any CPU
		{A7B8C9D0-E1F2-3456-0123-567890123456}.Debug|x86.Build.0 = Debug|Any CPU
		{A7B8C9D0-E1F2-3456-0123-567890123456}.Release|Any CPU.ActiveCfg = Release|Any CPU
		{A7B8C9D0-E1F2-3456-0123-567890123456}.Release|Any CPU.Build.0 = Release|Any CPU
		{A7B8C9D0-E1F2-3456-0123-567890123456}.Release|x64.ActiveCfg = Release|Any CPU
		{A7B8C9D0-E1F2-3456-0123-567890123456}.Release|x64.Build.0 = Release|Any CPU
		{A7B8C9D0-E1F2-3456-0123-567890123456}.Release|x86.ActiveCfg = Release|Any CPU
		{A7B8C9D0-E1F2-3456-0123-567890123456}.Release|x86.Build.0 = Release|Any CPU
		{B8C9D0E1-F2A3-4567-1234-678901234567}.Debug|Any CPU.ActiveCfg = Debug|Any CPU
		{B8C9D0E1-F2A3-4567-1234-678901234567}.Debug|Any CPU.Build.0 = Debug|Any CPU
		{B8C9D0E1-F2A3-4567-1234-678901234567}.Debug|x64.ActiveCfg = Debug|Any CPU
		{B8C9D0E1-F2A3-4567-1234-678901234567}.Debug|x64.Build.0 = Debug|Any CPU
		{B8C9D0E1-F2A3-4567-1234-678901234567}.Debug|x86.ActiveCfg = Debug|Any CPU
		{B8C9D0E1-F2A3-4567-1234-678901234567}.Debug|x86.Build.0 = Debug|Any CPU
		{B8C9D0E1-F2A3-4567-1234-678901234567}.Release|Any CPU.ActiveCfg = Release|Any CPU
		{B8C9D0E1-F2A3-4567-1234-678901234567}.Release|Any CPU.Build.0 = Release|Any CPU
		{B8C9D0E1-F2A3-4567-1234-678901234567}.Release|x64.ActiveCfg = Release|Any CPU
		{B8C9D0E1-F2A3-4567-1234-678901234567}.Release|x64.Build.0 = Release|Any CPU
		{B8C9D0E1-F2A3-4567-1234-678901234567}.Release|x86.ActiveCfg = Release|Any CPU
		{B8C9D0E1-F2A3-4567-1234-678901234567}.Release|x86.Build.0 = Release|Any CPU
		{C9D0E1F2-A3B4-5678-2345-789012345678}.Debug|Any CPU.ActiveCfg = Debug|Any CPU
		{C9D0E1F2-A3B4-5678-2345-789012345678}.Debug|Any CPU.Build.0 = Debug|Any CPU
		{C9D0E1F2-A3B4-5678-2345-789012345678}.Debug|x64.ActiveCfg = Debug|Any CPU
		{C9D0E1F2-A3B4-5678-2345-789012345678}.Debug|x64.Build.0 = Debug|Any CPU
		{C9D0E1F2-A3B4-5678-2345-789012345678}.Debug|x86.ActiveCfg = Debug|Any CPU
		{C9D0E1F2-A3B4-5678-2345-789012345678}.Debug|x86.Build.0 = Debug|Any CPU
		{C9D0E1F2-A3B4-5678-2345-789012345678}.Release|Any CPU.ActiveCfg = Release|Any CPU
		{C9D0E1F2-A3B4-5678-2345-789012345678}.Release|Any CPU.Build.0 = Release|Any CPU
		{C9D0E1F2-A3B4-5678-2345-789012345678}.Release|x64.ActiveCfg = Release|Any CPU
		{C9D0E1F2-A3B4-5678-2345-789012345678}.Release|x64.Build.0 = Release|Any CPU
		{C9D0E1F2-A3B4-5678-2345-789012345678}.Release|x86.ActiveCfg = Release|Any CPU
		{C9D0E1F2-A3B4-5678-2345-789012345678}.Release|x86.Build.0 = Release|Any CPU
		{D0E1F2A3-B4C5-6789-3456-890123456789}.Debug|Any CPU.ActiveCfg = Debug|Any CPU
		{D0E1F2A3-B4C5-6789-3456-890123456789}.Debug|Any CPU.Build.0 = Debug|Any CPU
		{D0E1F2A3-B4C5-6789-3456-890123456789}.Debug|x64.ActiveCfg = Debug|Any CPU
		{D0E1F2A3-B4C5-6789-3456-890123456789}.Debug|x64.Build.0 = Debug|Any CPU
		{D0E1F2A3-B4C5-6789-3456-890123456789}.Debug|x86.ActiveCfg = Debug|Any CPU
		{D0E1F2A3-B4C5-6789-3456-890123456789}.Debug|x86.Build.0 = Debug|Any CPU
		{D0E1F2A3-B4C5-6789-3456-890123456789}.Release|Any CPU.ActiveCfg = Release|Any CPU
		{D0E1F2A3-B4C5-6789-3456-890123456789}.Release|Any CPU.Build.0 = Release|Any CPU
		{D0E1F2A3-B4C5-6789-3456-890123456789}.Release|x64.ActiveCfg = Release|Any CPU
		{D0E1F2A3-B4C5-6789-3456-890123456789}.Release|x64.Build.0 = Release|Any CPU
		{D0E1F2A3-B4C5-6789-3456-890123456789}.Release|x86.ActiveCfg = Release|Any CPU
		{D0E1F2A3-B4C5-6789-3456-890123456789}.Release|x86.Build.0 = Release|Any CPU
		{2C6C04DF-D598-435D-9940-DA78A17C1FD6}.Debug|Any CPU.ActiveCfg = Debug|Any CPU
		{2C6C04DF-D598-435D-9940-DA78A17C1FD6}.Debug|Any CPU.Build.0 = Debug|Any CPU
		{2C6C04DF-D598-435D-9940-DA78A17C1FD6}.Debug|x64.ActiveCfg = Debug|Any CPU
		{2C6C04DF-D598-435D-9940-DA78A17C1FD6}.Debug|x64.Build.0 = Debug|Any CPU
		{2C6C04DF-D598-435D-9940-DA78A17C1FD6}.Debug|x86.ActiveCfg = Debug|Any CPU
		{2C6C04DF-D598-435D-9940-DA78A17C1FD6}.Debug|x86.Build.0 = Debug|Any CPU
		{2C6C04DF-D598-435D-9940-DA78A17C1FD6}.Release|Any CPU.ActiveCfg = Release|Any CPU
		{2C6C04DF-D598-435D-9940-DA78A17C1FD6}.Release|Any CPU.Build.0 = Release|Any CPU
		{2C6C04DF-D598-435D-9940-DA78A17C1FD6}.Release|x64.ActiveCfg = Release|Any CPU
		{2C6C04DF-D598-435D-9940-DA78A17C1FD6}.Release|x64.Build.0 = Release|Any CPU
		{2C6C04DF-D598-435D-9940-DA78A17C1FD6}.Release|x86.ActiveCfg = Release|Any CPU
		{2C6C04DF-D598-435D-9940-DA78A17C1FD6}.Release|x86.Build.0 = Release|Any CPU
		{C2A58C60-36E9-4649-912C-A959D1B938D0}.Debug|Any CPU.ActiveCfg = Debug|Any CPU
		{C2A58C60-36E9-4649-912C-A959D1B938D0}.Debug|Any CPU.Build.0 = Debug|Any CPU
		{C2A58C60-36E9-4649-912C-A959D1B938D0}.Debug|x64.ActiveCfg = Debug|Any CPU
		{C2A58C60-36E9-4649-912C-A959D1B938D0}.Debug|x64.Build.0 = Debug|Any CPU
		{C2A58C60-36E9-4649-912C-A959D1B938D0}.Debug|x86.ActiveCfg = Debug|Any CPU
		{C2A58C60-36E9-4649-912C-A959D1B938D0}.Debug|x86.Build.0 = Debug|Any CPU
		{C2A58C60-36E9-4649-912C-A959D1B938D0}.Release|Any CPU.ActiveCfg = Release|Any CPU
		{C2A58C60-36E9-4649-912C-A959D1B938D0}.Release|Any CPU.Build.0 = Release|Any CPU
		{C2A58C60-36E9-4649-912C-A959D1B938D0}.Release|x64.ActiveCfg = Release|Any CPU
		{C2A58C60-36E9-4649-912C-A959D1B938D0}.Release|x64.Build.0 = Release|Any CPU
		{C2A58C60-36E9-4649-912C-A959D1B938D0}.Release|x86.ActiveCfg = Release|Any CPU
		{C2A58C60-36E9-4649-912C-A959D1B938D0}.Release|x86.Build.0 = Release|Any CPU
		{905C95E0-103B-4DEA-AF0C-F1ED2BB99C09}.Debug|Any CPU.ActiveCfg = Debug|Any CPU
		{905C95E0-103B-4DEA-AF0C-F1ED2BB99C09}.Debug|Any CPU.Build.0 = Debug|Any CPU
		{905C95E0-103B-4DEA-AF0C-F1ED2BB99C09}.Debug|x64.ActiveCfg = Debug|Any CPU
		{905C95E0-103B-4DEA-AF0C-F1ED2BB99C09}.Debug|x64.Build.0 = Debug|Any CPU
		{905C95E0-103B-4DEA-AF0C-F1ED2BB99C09}.Debug|x86.ActiveCfg = Debug|Any CPU
		{905C95E0-103B-4DEA-AF0C-F1ED2BB99C09}.Debug|x86.Build.0 = Debug|Any CPU
		{905C95E0-103B-4DEA-AF0C-F1ED2BB99C09}.Release|Any CPU.ActiveCfg = Release|Any CPU
		{905C95E0-103B-4DEA-AF0C-F1ED2BB99C09}.Release|Any CPU.Build.0 = Release|Any CPU
		{905C95E0-103B-4DEA-AF0C-F1ED2BB99C09}.Release|x64.ActiveCfg = Release|Any CPU
		{905C95E0-103B-4DEA-AF0C-F1ED2BB99C09}.Release|x64.Build.0 = Release|Any CPU
		{905C95E0-103B-4DEA-AF0C-F1ED2BB99C09}.Release|x86.ActiveCfg = Release|Any CPU
		{905C95E0-103B-4DEA-AF0C-F1ED2BB99C09}.Release|x86.Build.0 = Release|Any CPU
		{D11CB172-BF83-4263-8F12-0016DA4FCC42}.Debug|Any CPU.ActiveCfg = Debug|Any CPU
		{D11CB172-BF83-4263-8F12-0016DA4FCC42}.Debug|Any CPU.Build.0 = Debug|Any CPU
		{D11CB172-BF83-4263-8F12-0016DA4FCC42}.Debug|x64.ActiveCfg = Debug|Any CPU
		{D11CB172-BF83-4263-8F12-0016DA4FCC42}.Debug|x64.Build.0 = Debug|Any CPU
		{D11CB172-BF83-4263-8F12-0016DA4FCC42}.Debug|x86.ActiveCfg = Debug|Any CPU
		{D11CB172-BF83-4263-8F12-0016DA4FCC42}.Debug|x86.Build.0 = Debug|Any CPU
		{D11CB172-BF83-4263-8F12-0016DA4FCC42}.Release|Any CPU.ActiveCfg = Release|Any CPU
		{D11CB172-BF83-4263-8F12-0016DA4FCC42}.Release|Any CPU.Build.0 = Release|Any CPU
		{D11CB172-BF83-4263-8F12-0016DA4FCC42}.Release|x64.ActiveCfg = Release|Any CPU
		{D11CB172-BF83-4263-8F12-0016DA4FCC42}.Release|x64.Build.0 = Release|Any CPU
		{D11CB172-BF83-4263-8F12-0016DA4FCC42}.Release|x86.ActiveCfg = Release|Any CPU
		{D11CB172-BF83-4263-8F12-0016DA4FCC42}.Release|x86.Build.0 = Release|Any CPU
		{0E530DB1-317C-4B3C-944F-128FDA1600E7}.Debug|Any CPU.ActiveCfg = Debug|Any CPU
		{0E530DB1-317C-4B3C-944F-128FDA1600E7}.Debug|Any CPU.Build.0 = Debug|Any CPU
		{0E530DB1-317C-4B3C-944F-128FDA1600E7}.Debug|x64.ActiveCfg = Debug|Any CPU
		{0E530DB1-317C-4B3C-944F-128FDA1600E7}.Debug|x64.Build.0 = Debug|Any CPU
		{0E530DB1-317C-4B3C-944F-128FDA1600E7}.Debug|x86.ActiveCfg = Debug|Any CPU
		{0E530DB1-317C-4B3C-944F-128FDA1600E7}.Debug|x86.Build.0 = Debug|Any CPU
		{0E530DB1-317C-4B3C-944F-128FDA1600E7}.Release|Any CPU.ActiveCfg = Release|Any CPU
		{0E530DB1-317C-4B3C-944F-128FDA1600E7}.Release|Any CPU.Build.0 = Release|Any CPU
		{0E530DB1-317C-4B3C-944F-128FDA1600E7}.Release|x64.ActiveCfg = Release|Any CPU
		{0E530DB1-317C-4B3C-944F-128FDA1600E7}.Release|x64.Build.0 = Release|Any CPU
		{0E530DB1-317C-4B3C-944F-128FDA1600E7}.Release|x86.ActiveCfg = Release|Any CPU
		{0E530DB1-317C-4B3C-944F-128FDA1600E7}.Release|x86.Build.0 = Release|Any CPU
		{C10D16A2-C3D5-499B-A044-FA436363A67C}.Debug|Any CPU.ActiveCfg = Debug|Any CPU
		{C10D16A2-C3D5-499B-A044-FA436363A67C}.Debug|Any CPU.Build.0 = Debug|Any CPU
		{C10D16A2-C3D5-499B-A044-FA436363A67C}.Debug|x64.ActiveCfg = Debug|Any CPU
		{C10D16A2-C3D5-499B-A044-FA436363A67C}.Debug|x64.Build.0 = Debug|Any CPU
		{C10D16A2-C3D5-499B-A044-FA436363A67C}.Debug|x86.ActiveCfg = Debug|Any CPU
		{C10D16A2-C3D5-499B-A044-FA436363A67C}.Debug|x86.Build.0 = Debug|Any CPU
		{C10D16A2-C3D5-499B-A044-FA436363A67C}.Release|Any CPU.ActiveCfg = Release|Any CPU
		{C10D16A2-C3D5-499B-A044-FA436363A67C}.Release|Any CPU.Build.0 = Release|Any CPU
		{C10D16A2-C3D5-499B-A044-FA436363A67C}.Release|x64.ActiveCfg = Release|Any CPU
		{C10D16A2-C3D5-499B-A044-FA436363A67C}.Release|x64.Build.0 = Release|Any CPU
		{C10D16A2-C3D5-499B-A044-FA436363A67C}.Release|x86.ActiveCfg = Release|Any CPU
		{C10D16A2-C3D5-499B-A044-FA436363A67C}.Release|x86.Build.0 = Release|Any CPU
		{74B83562-E491-4E8E-A650-9DD18805D1DB}.Debug|Any CPU.ActiveCfg = Debug|Any CPU
		{74B83562-E491-4E8E-A650-9DD18805D1DB}.Debug|Any CPU.Build.0 = Debug|Any CPU
		{74B83562-E491-4E8E-A650-9DD18805D1DB}.Debug|x64.ActiveCfg = Debug|Any CPU
		{74B83562-E491-4E8E-A650-9DD18805D1DB}.Debug|x64.Build.0 = Debug|Any CPU
		{74B83562-E491-4E8E-A650-9DD18805D1DB}.Debug|x86.ActiveCfg = Debug|Any CPU
		{74B83562-E491-4E8E-A650-9DD18805D1DB}.Debug|x86.Build.0 = Debug|Any CPU
		{74B83562-E491-4E8E-A650-9DD18805D1DB}.Release|Any CPU.ActiveCfg = Release|Any CPU
		{74B83562-E491-4E8E-A650-9DD18805D1DB}.Release|Any CPU.Build.0 = Release|Any CPU
		{74B83562-E491-4E8E-A650-9DD18805D1DB}.Release|x64.ActiveCfg = Release|Any CPU
		{74B83562-E491-4E8E-A650-9DD18805D1DB}.Release|x64.Build.0 = Release|Any CPU
		{74B83562-E491-4E8E-A650-9DD18805D1DB}.Release|x86.ActiveCfg = Release|Any CPU
		{74B83562-E491-4E8E-A650-9DD18805D1DB}.Release|x86.Build.0 = Release|Any CPU
		{A509E17E-A4CA-43EA-B764-BAA45D8475CD}.Debug|Any CPU.ActiveCfg = Debug|Any CPU
		{A509E17E-A4CA-43EA-B764-BAA45D8475CD}.Debug|Any CPU.Build.0 = Debug|Any CPU
		{A509E17E-A4CA-43EA-B764-BAA45D8475CD}.Debug|x64.ActiveCfg = Debug|Any CPU
		{A509E17E-A4CA-43EA-B764-BAA45D8475CD}.Debug|x64.Build.0 = Debug|Any CPU
		{A509E17E-A4CA-43EA-B764-BAA45D8475CD}.Debug|x86.ActiveCfg = Debug|Any CPU
		{A509E17E-A4CA-43EA-B764-BAA45D8475CD}.Debug|x86.Build.0 = Debug|Any CPU
		{A509E17E-A4CA-43EA-B764-BAA45D8475CD}.Release|Any CPU.ActiveCfg = Release|Any CPU
		{A509E17E-A4CA-43EA-B764-BAA45D8475CD}.Release|Any CPU.Build.0 = Release|Any CPU
		{A509E17E-A4CA-43EA-B764-BAA45D8475CD}.Release|x64.ActiveCfg = Release|Any CPU
		{A509E17E-A4CA-43EA-B764-BAA45D8475CD}.Release|x64.Build.0 = Release|Any CPU
		{A509E17E-A4CA-43EA-B764-BAA45D8475CD}.Release|x86.ActiveCfg = Release|Any CPU
		{A509E17E-A4CA-43EA-B764-BAA45D8475CD}.Release|x86.Build.0 = Release|Any CPU
		{30D55E5F-09E2-4920-86BC-B8FE8515B8DB}.Debug|Any CPU.ActiveCfg = Debug|Any CPU
		{30D55E5F-09E2-4920-86BC-B8FE8515B8DB}.Debug|Any CPU.Build.0 = Debug|Any CPU
		{30D55E5F-09E2-4920-86BC-B8FE8515B8DB}.Debug|x64.ActiveCfg = Debug|Any CPU
		{30D55E5F-09E2-4920-86BC-B8FE8515B8DB}.Debug|x64.Build.0 = Debug|Any CPU
		{30D55E5F-09E2-4920-86BC-B8FE8515B8DB}.Debug|x86.ActiveCfg = Debug|Any CPU
		{30D55E5F-09E2-4920-86BC-B8FE8515B8DB}.Debug|x86.Build.0 = Debug|Any CPU
		{30D55E5F-09E2-4920-86BC-B8FE8515B8DB}.Release|Any CPU.ActiveCfg = Release|Any CPU
		{30D55E5F-09E2-4920-86BC-B8FE8515B8DB}.Release|Any CPU.Build.0 = Release|Any CPU
		{30D55E5F-09E2-4920-86BC-B8FE8515B8DB}.Release|x64.ActiveCfg = Release|Any CPU
		{30D55E5F-09E2-4920-86BC-B8FE8515B8DB}.Release|x64.Build.0 = Release|Any CPU
		{30D55E5F-09E2-4920-86BC-B8FE8515B8DB}.Release|x86.ActiveCfg = Release|Any CPU
		{30D55E5F-09E2-4920-86BC-B8FE8515B8DB}.Release|x86.Build.0 = Release|Any CPU
		{A9236DEC-989E-4EF9-93A4-2C04B8895289}.Debug|Any CPU.ActiveCfg = Debug|Any CPU
		{A9236DEC-989E-4EF9-93A4-2C04B8895289}.Debug|Any CPU.Build.0 = Debug|Any CPU
		{A9236DEC-989E-4EF9-93A4-2C04B8895289}.Debug|x64.ActiveCfg = Debug|Any CPU
		{A9236DEC-989E-4EF9-93A4-2C04B8895289}.Debug|x64.Build.0 = Debug|Any CPU
		{A9236DEC-989E-4EF9-93A4-2C04B8895289}.Debug|x86.ActiveCfg = Debug|Any CPU
		{A9236DEC-989E-4EF9-93A4-2C04B8895289}.Debug|x86.Build.0 = Debug|Any CPU
		{A9236DEC-989E-4EF9-93A4-2C04B8895289}.Release|Any CPU.ActiveCfg = Release|Any CPU
		{A9236DEC-989E-4EF9-93A4-2C04B8895289}.Release|Any CPU.Build.0 = Release|Any CPU
		{A9236DEC-989E-4EF9-93A4-2C04B8895289}.Release|x64.ActiveCfg = Release|Any CPU
		{A9236DEC-989E-4EF9-93A4-2C04B8895289}.Release|x64.Build.0 = Release|Any CPU
		{A9236DEC-989E-4EF9-93A4-2C04B8895289}.Release|x86.ActiveCfg = Release|Any CPU
		{A9236DEC-989E-4EF9-93A4-2C04B8895289}.Release|x86.Build.0 = Release|Any CPU
		{9912405F-9928-41F8-816E-A594DFE45331}.Debug|Any CPU.ActiveCfg = Debug|Any CPU
		{9912405F-9928-41F8-816E-A594DFE45331}.Debug|Any CPU.Build.0 = Debug|Any CPU
		{9912405F-9928-41F8-816E-A594DFE45331}.Debug|x64.ActiveCfg = Debug|Any CPU
		{9912405F-9928-41F8-816E-A594DFE45331}.Debug|x64.Build.0 = Debug|Any CPU
		{9912405F-9928-41F8-816E-A594DFE45331}.Debug|x86.ActiveCfg = Debug|Any CPU
		{9912405F-9928-41F8-816E-A594DFE45331}.Debug|x86.Build.0 = Debug|Any CPU
		{9912405F-9928-41F8-816E-A594DFE45331}.Release|Any CPU.ActiveCfg = Release|Any CPU
		{9912405F-9928-41F8-816E-A594DFE45331}.Release|Any CPU.Build.0 = Release|Any CPU
		{9912405F-9928-41F8-816E-A594DFE45331}.Release|x64.ActiveCfg = Release|Any CPU
		{9912405F-9928-41F8-816E-A594DFE45331}.Release|x64.Build.0 = Release|Any CPU
		{9912405F-9928-41F8-816E-A594DFE45331}.Release|x86.ActiveCfg = Release|Any CPU
		{9912405F-9928-41F8-816E-A594DFE45331}.Release|x86.Build.0 = Release|Any CPU
		{89CB9495-D0F0-44EF-AB4C-7A1C08F54D70}.Debug|Any CPU.ActiveCfg = Debug|Any CPU
		{89CB9495-D0F0-44EF-AB4C-7A1C08F54D70}.Debug|Any CPU.Build.0 = Debug|Any CPU
		{89CB9495-D0F0-44EF-AB4C-7A1C08F54D70}.Debug|x64.ActiveCfg = Debug|Any CPU
		{89CB9495-D0F0-44EF-AB4C-7A1C08F54D70}.Debug|x64.Build.0 = Debug|Any CPU
		{89CB9495-D0F0-44EF-AB4C-7A1C08F54D70}.Debug|x86.ActiveCfg = Debug|Any CPU
		{89CB9495-D0F0-44EF-AB4C-7A1C08F54D70}.Debug|x86.Build.0 = Debug|Any CPU
		{89CB9495-D0F0-44EF-AB4C-7A1C08F54D70}.Release|Any CPU.ActiveCfg = Release|Any CPU
		{89CB9495-D0F0-44EF-AB4C-7A1C08F54D70}.Release|Any CPU.Build.0 = Release|Any CPU
		{89CB9495-D0F0-44EF-AB4C-7A1C08F54D70}.Release|x64.ActiveCfg = Release|Any CPU
		{89CB9495-D0F0-44EF-AB4C-7A1C08F54D70}.Release|x64.Build.0 = Release|Any CPU
		{89CB9495-D0F0-44EF-AB4C-7A1C08F54D70}.Release|x86.ActiveCfg = Release|Any CPU
		{89CB9495-D0F0-44EF-AB4C-7A1C08F54D70}.Release|x86.Build.0 = Release|Any CPU
		{B32D148F-BC32-4BA2-A103-A5426FBA917F}.Debug|Any CPU.ActiveCfg = Debug|Any CPU
		{B32D148F-BC32-4BA2-A103-A5426FBA917F}.Debug|Any CPU.Build.0 = Debug|Any CPU
		{B32D148F-BC32-4BA2-A103-A5426FBA917F}.Debug|x64.ActiveCfg = Debug|Any CPU
		{B32D148F-BC32-4BA2-A103-A5426FBA917F}.Debug|x64.Build.0 = Debug|Any CPU
		{B32D148F-BC32-4BA2-A103-A5426FBA917F}.Debug|x86.ActiveCfg = Debug|Any CPU
		{B32D148F-BC32-4BA2-A103-A5426FBA917F}.Debug|x86.Build.0 = Debug|Any CPU
		{B32D148F-BC32-4BA2-A103-A5426FBA917F}.Release|Any CPU.ActiveCfg = Release|Any CPU
		{B32D148F-BC32-4BA2-A103-A5426FBA917F}.Release|Any CPU.Build.0 = Release|Any CPU
		{B32D148F-BC32-4BA2-A103-A5426FBA917F}.Release|x64.ActiveCfg = Release|Any CPU
		{B32D148F-BC32-4BA2-A103-A5426FBA917F}.Release|x64.Build.0 = Release|Any CPU
		{B32D148F-BC32-4BA2-A103-A5426FBA917F}.Release|x86.ActiveCfg = Release|Any CPU
		{B32D148F-BC32-4BA2-A103-A5426FBA917F}.Release|x86.Build.0 = Release|Any CPU
		{ADFC907D-90B1-4BFD-AD65-2A12D5F5627E}.Debug|Any CPU.ActiveCfg = Debug|Any CPU
		{ADFC907D-90B1-4BFD-AD65-2A12D5F5627E}.Debug|Any CPU.Build.0 = Debug|Any CPU
		{ADFC907D-90B1-4BFD-AD65-2A12D5F5627E}.Debug|x64.ActiveCfg = Debug|Any CPU
		{ADFC907D-90B1-4BFD-AD65-2A12D5F5627E}.Debug|x64.Build.0 = Debug|Any CPU
		{ADFC907D-90B1-4BFD-AD65-2A12D5F5627E}.Debug|x86.ActiveCfg = Debug|Any CPU
		{ADFC907D-90B1-4BFD-AD65-2A12D5F5627E}.Debug|x86.Build.0 = Debug|Any CPU
		{ADFC907D-90B1-4BFD-AD65-2A12D5F5627E}.Release|Any CPU.ActiveCfg = Release|Any CPU
		{ADFC907D-90B1-4BFD-AD65-2A12D5F5627E}.Release|Any CPU.Build.0 = Release|Any CPU
		{ADFC907D-90B1-4BFD-AD65-2A12D5F5627E}.Release|x64.ActiveCfg = Release|Any CPU
		{ADFC907D-90B1-4BFD-AD65-2A12D5F5627E}.Release|x64.Build.0 = Release|Any CPU
		{ADFC907D-90B1-4BFD-AD65-2A12D5F5627E}.Release|x86.ActiveCfg = Release|Any CPU
		{ADFC907D-90B1-4BFD-AD65-2A12D5F5627E}.Release|x86.Build.0 = Release|Any CPU
		{A80AD4F6-3CB4-434F-8F61-C14622114F01}.Debug|Any CPU.ActiveCfg = Debug|Any CPU
		{A80AD4F6-3CB4-434F-8F61-C14622114F01}.Debug|Any CPU.Build.0 = Debug|Any CPU
		{A80AD4F6-3CB4-434F-8F61-C14622114F01}.Debug|x64.ActiveCfg = Debug|Any CPU
		{A80AD4F6-3CB4-434F-8F61-C14622114F01}.Debug|x64.Build.0 = Debug|Any CPU
		{A80AD4F6-3CB4-434F-8F61-C14622114F01}.Debug|x86.ActiveCfg = Debug|Any CPU
		{A80AD4F6-3CB4-434F-8F61-C14622114F01}.Debug|x86.Build.0 = Debug|Any CPU
		{A80AD4F6-3CB4-434F-8F61-C14622114F01}.Release|Any CPU.ActiveCfg = Release|Any CPU
		{A80AD4F6-3CB4-434F-8F61-C14622114F01}.Release|Any CPU.Build.0 = Release|Any CPU
		{A80AD4F6-3CB4-434F-8F61-C14622114F01}.Release|x64.ActiveCfg = Release|Any CPU
		{A80AD4F6-3CB4-434F-8F61-C14622114F01}.Release|x64.Build.0 = Release|Any CPU
		{A80AD4F6-3CB4-434F-8F61-C14622114F01}.Release|x86.ActiveCfg = Release|Any CPU
		{A80AD4F6-3CB4-434F-8F61-C14622114F01}.Release|x86.Build.0 = Release|Any CPU
		{D465A9F4-99D8-4B64-9998-0A2BCD622822}.Debug|Any CPU.ActiveCfg = Debug|Any CPU
		{D465A9F4-99D8-4B64-9998-0A2BCD622822}.Debug|Any CPU.Build.0 = Debug|Any CPU
		{D465A9F4-99D8-4B64-9998-0A2BCD622822}.Debug|x64.ActiveCfg = Debug|Any CPU
		{D465A9F4-99D8-4B64-9998-0A2BCD622822}.Debug|x64.Build.0 = Debug|Any CPU
		{D465A9F4-99D8-4B64-9998-0A2BCD622822}.Debug|x86.ActiveCfg = Debug|Any CPU
		{D465A9F4-99D8-4B64-9998-0A2BCD622822}.Debug|x86.Build.0 = Debug|Any CPU
		{D465A9F4-99D8-4B64-9998-0A2BCD622822}.Release|Any CPU.ActiveCfg = Release|Any CPU
		{D465A9F4-99D8-4B64-9998-0A2BCD622822}.Release|Any CPU.Build.0 = Release|Any CPU
		{D465A9F4-99D8-4B64-9998-0A2BCD622822}.Release|x64.ActiveCfg = Release|Any CPU
		{D465A9F4-99D8-4B64-9998-0A2BCD622822}.Release|x64.Build.0 = Release|Any CPU
		{D465A9F4-99D8-4B64-9998-0A2BCD622822}.Release|x86.ActiveCfg = Release|Any CPU
		{D465A9F4-99D8-4B64-9998-0A2BCD622822}.Release|x86.Build.0 = Release|Any CPU
		{9020E6FF-A545-4159-A64C-200FC2A534A7}.Debug|Any CPU.ActiveCfg = Debug|Any CPU
		{9020E6FF-A545-4159-A64C-200FC2A534A7}.Debug|Any CPU.Build.0 = Debug|Any CPU
		{9020E6FF-A545-4159-A64C-200FC2A534A7}.Debug|x64.ActiveCfg = Debug|Any CPU
		{9020E6FF-A545-4159-A64C-200FC2A534A7}.Debug|x64.Build.0 = Debug|Any CPU
		{9020E6FF-A545-4159-A64C-200FC2A534A7}.Debug|x86.ActiveCfg = Debug|Any CPU
		{9020E6FF-A545-4159-A64C-200FC2A534A7}.Debug|x86.Build.0 = Debug|Any CPU
		{9020E6FF-A545-4159-A64C-200FC2A534A7}.Release|Any CPU.ActiveCfg = Release|Any CPU
		{9020E6FF-A545-4159-A64C-200FC2A534A7}.Release|Any CPU.Build.0 = Release|Any CPU
		{9020E6FF-A545-4159-A64C-200FC2A534A7}.Release|x64.ActiveCfg = Release|Any CPU
		{9020E6FF-A545-4159-A64C-200FC2A534A7}.Release|x64.Build.0 = Release|Any CPU
		{9020E6FF-A545-4159-A64C-200FC2A534A7}.Release|x86.ActiveCfg = Release|Any CPU
		{9020E6FF-A545-4159-A64C-200FC2A534A7}.Release|x86.Build.0 = Release|Any CPU
		{88F2FB3C-B7AE-46F6-AA3F-353560B6B606}.Debug|Any CPU.ActiveCfg = Debug|Any CPU
		{88F2FB3C-B7AE-46F6-AA3F-353560B6B606}.Debug|Any CPU.Build.0 = Debug|Any CPU
		{88F2FB3C-B7AE-46F6-AA3F-353560B6B606}.Debug|x64.ActiveCfg = Debug|Any CPU
		{88F2FB3C-B7AE-46F6-AA3F-353560B6B606}.Debug|x64.Build.0 = Debug|Any CPU
		{88F2FB3C-B7AE-46F6-AA3F-353560B6B606}.Debug|x86.ActiveCfg = Debug|Any CPU
		{88F2FB3C-B7AE-46F6-AA3F-353560B6B606}.Debug|x86.Build.0 = Debug|Any CPU
		{88F2FB3C-B7AE-46F6-AA3F-353560B6B606}.Release|Any CPU.ActiveCfg = Release|Any CPU
		{88F2FB3C-B7AE-46F6-AA3F-353560B6B606}.Release|Any CPU.Build.0 = Release|Any CPU
		{88F2FB3C-B7AE-46F6-AA3F-353560B6B606}.Release|x64.ActiveCfg = Release|Any CPU
		{88F2FB3C-B7AE-46F6-AA3F-353560B6B606}.Release|x64.Build.0 = Release|Any CPU
		{88F2FB3C-B7AE-46F6-AA3F-353560B6B606}.Release|x86.ActiveCfg = Release|Any CPU
		{88F2FB3C-B7AE-46F6-AA3F-353560B6B606}.Release|x86.Build.0 = Release|Any CPU
		{46ECA025-9875-4DB2-98BB-E00C369AB0F1}.Debug|Any CPU.ActiveCfg = Debug|Any CPU
		{46ECA025-9875-4DB2-98BB-E00C369AB0F1}.Debug|Any CPU.Build.0 = Debug|Any CPU
		{46ECA025-9875-4DB2-98BB-E00C369AB0F1}.Debug|x64.ActiveCfg = Debug|Any CPU
		{46ECA025-9875-4DB2-98BB-E00C369AB0F1}.Debug|x64.Build.0 = Debug|Any CPU
		{46ECA025-9875-4DB2-98BB-E00C369AB0F1}.Debug|x86.ActiveCfg = Debug|Any CPU
		{46ECA025-9875-4DB2-98BB-E00C369AB0F1}.Debug|x86.Build.0 = Debug|Any CPU
		{46ECA025-9875-4DB2-98BB-E00C369AB0F1}.Release|Any CPU.ActiveCfg = Release|Any CPU
		{46ECA025-9875-4DB2-98BB-E00C369AB0F1}.Release|Any CPU.Build.0 = Release|Any CPU
		{46ECA025-9875-4DB2-98BB-E00C369AB0F1}.Release|x64.ActiveCfg = Release|Any CPU
		{46ECA025-9875-4DB2-98BB-E00C369AB0F1}.Release|x64.Build.0 = Release|Any CPU
		{46ECA025-9875-4DB2-98BB-E00C369AB0F1}.Release|x86.ActiveCfg = Release|Any CPU
		{46ECA025-9875-4DB2-98BB-E00C369AB0F1}.Release|x86.Build.0 = Release|Any CPU
		{A194C99E-7F26-4D64-822C-2A9A23A389B7}.Debug|Any CPU.ActiveCfg = Debug|Any CPU
		{A194C99E-7F26-4D64-822C-2A9A23A389B7}.Debug|Any CPU.Build.0 = Debug|Any CPU
		{A194C99E-7F26-4D64-822C-2A9A23A389B7}.Debug|x64.ActiveCfg = Debug|Any CPU
		{A194C99E-7F26-4D64-822C-2A9A23A389B7}.Debug|x64.Build.0 = Debug|Any CPU
		{A194C99E-7F26-4D64-822C-2A9A23A389B7}.Debug|x86.ActiveCfg = Debug|Any CPU
		{A194C99E-7F26-4D64-822C-2A9A23A389B7}.Debug|x86.Build.0 = Debug|Any CPU
		{A194C99E-7F26-4D64-822C-2A9A23A389B7}.Release|Any CPU.ActiveCfg = Release|Any CPU
		{A194C99E-7F26-4D64-822C-2A9A23A389B7}.Release|Any CPU.Build.0 = Release|Any CPU
		{A194C99E-7F26-4D64-822C-2A9A23A389B7}.Release|x64.ActiveCfg = Release|Any CPU
		{A194C99E-7F26-4D64-822C-2A9A23A389B7}.Release|x64.Build.0 = Release|Any CPU
		{A194C99E-7F26-4D64-822C-2A9A23A389B7}.Release|x86.ActiveCfg = Release|Any CPU
		{A194C99E-7F26-4D64-822C-2A9A23A389B7}.Release|x86.Build.0 = Release|Any CPU
		{7E0DB141-5CB0-4A0D-B308-D3F855B406BD}.Debug|Any CPU.ActiveCfg = Debug|Any CPU
		{7E0DB141-5CB0-4A0D-B308-D3F855B406BD}.Debug|Any CPU.Build.0 = Debug|Any CPU
		{7E0DB141-5CB0-4A0D-B308-D3F855B406BD}.Debug|x64.ActiveCfg = Debug|Any CPU
		{7E0DB141-5CB0-4A0D-B308-D3F855B406BD}.Debug|x64.Build.0 = Debug|Any CPU
		{7E0DB141-5CB0-4A0D-B308-D3F855B406BD}.Debug|x86.ActiveCfg = Debug|Any CPU
		{7E0DB141-5CB0-4A0D-B308-D3F855B406BD}.Debug|x86.Build.0 = Debug|Any CPU
		{7E0DB141-5CB0-4A0D-B308-D3F855B406BD}.Release|Any CPU.ActiveCfg = Release|Any CPU
		{7E0DB141-5CB0-4A0D-B308-D3F855B406BD}.Release|Any CPU.Build.0 = Release|Any CPU
		{7E0DB141-5CB0-4A0D-B308-D3F855B406BD}.Release|x64.ActiveCfg = Release|Any CPU
		{7E0DB141-5CB0-4A0D-B308-D3F855B406BD}.Release|x64.Build.0 = Release|Any CPU
		{7E0DB141-5CB0-4A0D-B308-D3F855B406BD}.Release|x86.ActiveCfg = Release|Any CPU
		{7E0DB141-5CB0-4A0D-B308-D3F855B406BD}.Release|x86.Build.0 = Release|Any CPU
		{4A13DDB5-AF4C-4A6F-BFE6-FBB76FB1AEC7}.Debug|Any CPU.ActiveCfg = Debug|Any CPU
		{4A13DDB5-AF4C-4A6F-BFE6-FBB76FB1AEC7}.Debug|Any CPU.Build.0 = Debug|Any CPU
		{4A13DDB5-AF4C-4A6F-BFE6-FBB76FB1AEC7}.Debug|x64.ActiveCfg = Debug|Any CPU
		{4A13DDB5-AF4C-4A6F-BFE6-FBB76FB1AEC7}.Debug|x64.Build.0 = Debug|Any CPU
		{4A13DDB5-AF4C-4A6F-BFE6-FBB76FB1AEC7}.Debug|x86.ActiveCfg = Debug|Any CPU
		{4A13DDB5-AF4C-4A6F-BFE6-FBB76FB1AEC7}.Debug|x86.Build.0 = Debug|Any CPU
		{4A13DDB5-AF4C-4A6F-BFE6-FBB76FB1AEC7}.Release|Any CPU.ActiveCfg = Release|Any CPU
		{4A13DDB5-AF4C-4A6F-BFE6-FBB76FB1AEC7}.Release|Any CPU.Build.0 = Release|Any CPU
		{4A13DDB5-AF4C-4A6F-BFE6-FBB76FB1AEC7}.Release|x64.ActiveCfg = Release|Any CPU
		{4A13DDB5-AF4C-4A6F-BFE6-FBB76FB1AEC7}.Release|x64.Build.0 = Release|Any CPU
		{4A13DDB5-AF4C-4A6F-BFE6-FBB76FB1AEC7}.Release|x86.ActiveCfg = Release|Any CPU
		{4A13DDB5-AF4C-4A6F-BFE6-FBB76FB1AEC7}.Release|x86.Build.0 = Release|Any CPU
		{0BB9E29F-A5DE-4AC9-84AD-C39CE4A7AD2A}.Debug|Any CPU.ActiveCfg = Debug|Any CPU
		{0BB9E29F-A5DE-4AC9-84AD-C39CE4A7AD2A}.Debug|Any CPU.Build.0 = Debug|Any CPU
		{0BB9E29F-A5DE-4AC9-84AD-C39CE4A7AD2A}.Debug|x64.ActiveCfg = Debug|Any CPU
		{0BB9E29F-A5DE-4AC9-84AD-C39CE4A7AD2A}.Debug|x64.Build.0 = Debug|Any CPU
		{0BB9E29F-A5DE-4AC9-84AD-C39CE4A7AD2A}.Debug|x86.ActiveCfg = Debug|Any CPU
		{0BB9E29F-A5DE-4AC9-84AD-C39CE4A7AD2A}.Debug|x86.Build.0 = Debug|Any CPU
		{0BB9E29F-A5DE-4AC9-84AD-C39CE4A7AD2A}.Release|Any CPU.ActiveCfg = Release|Any CPU
		{0BB9E29F-A5DE-4AC9-84AD-C39CE4A7AD2A}.Release|Any CPU.Build.0 = Release|Any CPU
		{0BB9E29F-A5DE-4AC9-84AD-C39CE4A7AD2A}.Release|x64.ActiveCfg = Release|Any CPU
		{0BB9E29F-A5DE-4AC9-84AD-C39CE4A7AD2A}.Release|x64.Build.0 = Release|Any CPU
		{0BB9E29F-A5DE-4AC9-84AD-C39CE4A7AD2A}.Release|x86.ActiveCfg = Release|Any CPU
		{0BB9E29F-A5DE-4AC9-84AD-C39CE4A7AD2A}.Release|x86.Build.0 = Release|Any CPU
		{6FF483E7-DBD3-43C4-B899-42AB7B185E5B}.Debug|Any CPU.ActiveCfg = Debug|Any CPU
		{6FF483E7-DBD3-43C4-B899-42AB7B185E5B}.Debug|Any CPU.Build.0 = Debug|Any CPU
		{6FF483E7-DBD3-43C4-B899-42AB7B185E5B}.Debug|x64.ActiveCfg = Debug|Any CPU
		{6FF483E7-DBD3-43C4-B899-42AB7B185E5B}.Debug|x64.Build.0 = Debug|Any CPU
		{6FF483E7-DBD3-43C4-B899-42AB7B185E5B}.Debug|x86.ActiveCfg = Debug|Any CPU
		{6FF483E7-DBD3-43C4-B899-42AB7B185E5B}.Debug|x86.Build.0 = Debug|Any CPU
		{6FF483E7-DBD3-43C4-B899-42AB7B185E5B}.Release|Any CPU.ActiveCfg = Release|Any CPU
		{6FF483E7-DBD3-43C4-B899-42AB7B185E5B}.Release|Any CPU.Build.0 = Release|Any CPU
		{6FF483E7-DBD3-43C4-B899-42AB7B185E5B}.Release|x64.ActiveCfg = Release|Any CPU
		{6FF483E7-DBD3-43C4-B899-42AB7B185E5B}.Release|x64.Build.0 = Release|Any CPU
		{6FF483E7-DBD3-43C4-B899-42AB7B185E5B}.Release|x86.ActiveCfg = Release|Any CPU
		{6FF483E7-DBD3-43C4-B899-42AB7B185E5B}.Release|x86.Build.0 = Release|Any CPU
		{3E5BBD02-E8CC-46F3-B3B0-1D0CE222515C}.Debug|Any CPU.ActiveCfg = Debug|Any CPU
		{3E5BBD02-E8CC-46F3-B3B0-1D0CE222515C}.Debug|Any CPU.Build.0 = Debug|Any CPU
		{3E5BBD02-E8CC-46F3-B3B0-1D0CE222515C}.Debug|x64.ActiveCfg = Debug|Any CPU
		{3E5BBD02-E8CC-46F3-B3B0-1D0CE222515C}.Debug|x64.Build.0 = Debug|Any CPU
		{3E5BBD02-E8CC-46F3-B3B0-1D0CE222515C}.Debug|x86.ActiveCfg = Debug|Any CPU
		{3E5BBD02-E8CC-46F3-B3B0-1D0CE222515C}.Debug|x86.Build.0 = Debug|Any CPU
		{3E5BBD02-E8CC-46F3-B3B0-1D0CE222515C}.Release|Any CPU.ActiveCfg = Release|Any CPU
		{3E5BBD02-E8CC-46F3-B3B0-1D0CE222515C}.Release|Any CPU.Build.0 = Release|Any CPU
		{3E5BBD02-E8CC-46F3-B3B0-1D0CE222515C}.Release|x64.ActiveCfg = Release|Any CPU
		{3E5BBD02-E8CC-46F3-B3B0-1D0CE222515C}.Release|x64.Build.0 = Release|Any CPU
		{3E5BBD02-E8CC-46F3-B3B0-1D0CE222515C}.Release|x86.ActiveCfg = Release|Any CPU
		{3E5BBD02-E8CC-46F3-B3B0-1D0CE222515C}.Release|x86.Build.0 = Release|Any CPU
		{950A1333-E25A-4EB1-A086-8E731C4CF1FC}.Debug|Any CPU.ActiveCfg = Debug|Any CPU
		{950A1333-E25A-4EB1-A086-8E731C4CF1FC}.Debug|Any CPU.Build.0 = Debug|Any CPU
		{950A1333-E25A-4EB1-A086-8E731C4CF1FC}.Debug|x64.ActiveCfg = Debug|Any CPU
		{950A1333-E25A-4EB1-A086-8E731C4CF1FC}.Debug|x64.Build.0 = Debug|Any CPU
		{950A1333-E25A-4EB1-A086-8E731C4CF1FC}.Debug|x86.ActiveCfg = Debug|Any CPU
		{950A1333-E25A-4EB1-A086-8E731C4CF1FC}.Debug|x86.Build.0 = Debug|Any CPU
		{950A1333-E25A-4EB1-A086-8E731C4CF1FC}.Release|Any CPU.ActiveCfg = Release|Any CPU
		{950A1333-E25A-4EB1-A086-8E731C4CF1FC}.Release|Any CPU.Build.0 = Release|Any CPU
		{950A1333-E25A-4EB1-A086-8E731C4CF1FC}.Release|x64.ActiveCfg = Release|Any CPU
		{950A1333-E25A-4EB1-A086-8E731C4CF1FC}.Release|x64.Build.0 = Release|Any CPU
		{950A1333-E25A-4EB1-A086-8E731C4CF1FC}.Release|x86.ActiveCfg = Release|Any CPU
		{950A1333-E25A-4EB1-A086-8E731C4CF1FC}.Release|x86.Build.0 = Release|Any CPU
		{FE68742E-CE62-4AA9-BF90-61795BD41A6F}.Debug|Any CPU.ActiveCfg = Debug|Any CPU
		{FE68742E-CE62-4AA9-BF90-61795BD41A6F}.Debug|Any CPU.Build.0 = Debug|Any CPU
		{FE68742E-CE62-4AA9-BF90-61795BD41A6F}.Debug|x64.ActiveCfg = Debug|Any CPU
		{FE68742E-CE62-4AA9-BF90-61795BD41A6F}.Debug|x64.Build.0 = Debug|Any CPU
		{FE68742E-CE62-4AA9-BF90-61795BD41A6F}.Debug|x86.ActiveCfg = Debug|Any CPU
		{FE68742E-CE62-4AA9-BF90-61795BD41A6F}.Debug|x86.Build.0 = Debug|Any CPU
		{FE68742E-CE62-4AA9-BF90-61795BD41A6F}.Release|Any CPU.ActiveCfg = Release|Any CPU
		{FE68742E-CE62-4AA9-BF90-61795BD41A6F}.Release|Any CPU.Build.0 = Release|Any CPU
		{FE68742E-CE62-4AA9-BF90-61795BD41A6F}.Release|x64.ActiveCfg = Release|Any CPU
		{FE68742E-CE62-4AA9-BF90-61795BD41A6F}.Release|x64.Build.0 = Release|Any CPU
		{FE68742E-CE62-4AA9-BF90-61795BD41A6F}.Release|x86.ActiveCfg = Release|Any CPU
		{FE68742E-CE62-4AA9-BF90-61795BD41A6F}.Release|x86.Build.0 = Release|Any CPU
		{98208E2C-D147-447D-A172-44F98AE411B5}.Debug|Any CPU.ActiveCfg = Debug|Any CPU
		{98208E2C-D147-447D-A172-44F98AE411B5}.Debug|Any CPU.Build.0 = Debug|Any CPU
		{98208E2C-D147-447D-A172-44F98AE411B5}.Debug|x64.ActiveCfg = Debug|Any CPU
		{98208E2C-D147-447D-A172-44F98AE411B5}.Debug|x64.Build.0 = Debug|Any CPU
		{98208E2C-D147-447D-A172-44F98AE411B5}.Debug|x86.ActiveCfg = Debug|Any CPU
		{98208E2C-D147-447D-A172-44F98AE411B5}.Debug|x86.Build.0 = Debug|Any CPU
		{98208E2C-D147-447D-A172-44F98AE411B5}.Release|Any CPU.ActiveCfg = Release|Any CPU
		{98208E2C-D147-447D-A172-44F98AE411B5}.Release|Any CPU.Build.0 = Release|Any CPU
		{98208E2C-D147-447D-A172-44F98AE411B5}.Release|x64.ActiveCfg = Release|Any CPU
		{98208E2C-D147-447D-A172-44F98AE411B5}.Release|x64.Build.0 = Release|Any CPU
		{98208E2C-D147-447D-A172-44F98AE411B5}.Release|x86.ActiveCfg = Release|Any CPU
		{98208E2C-D147-447D-A172-44F98AE411B5}.Release|x86.Build.0 = Release|Any CPU
		{507A2481-438A-4793-B67B-4FB90A16AD87}.Debug|Any CPU.ActiveCfg = Debug|Any CPU
		{507A2481-438A-4793-B67B-4FB90A16AD87}.Debug|Any CPU.Build.0 = Debug|Any CPU
		{507A2481-438A-4793-B67B-4FB90A16AD87}.Debug|x64.ActiveCfg = Debug|Any CPU
		{507A2481-438A-4793-B67B-4FB90A16AD87}.Debug|x64.Build.0 = Debug|Any CPU
		{507A2481-438A-4793-B67B-4FB90A16AD87}.Debug|x86.ActiveCfg = Debug|Any CPU
		{507A2481-438A-4793-B67B-4FB90A16AD87}.Debug|x86.Build.0 = Debug|Any CPU
		{507A2481-438A-4793-B67B-4FB90A16AD87}.Release|Any CPU.ActiveCfg = Release|Any CPU
		{507A2481-438A-4793-B67B-4FB90A16AD87}.Release|Any CPU.Build.0 = Release|Any CPU
		{507A2481-438A-4793-B67B-4FB90A16AD87}.Release|x64.ActiveCfg = Release|Any CPU
		{507A2481-438A-4793-B67B-4FB90A16AD87}.Release|x64.Build.0 = Release|Any CPU
		{507A2481-438A-4793-B67B-4FB90A16AD87}.Release|x86.ActiveCfg = Release|Any CPU
		{507A2481-438A-4793-B67B-4FB90A16AD87}.Release|x86.Build.0 = Release|Any CPU
		{5066D093-2890-4587-B898-078D8CC20AC5}.Debug|Any CPU.ActiveCfg = Debug|Any CPU
		{5066D093-2890-4587-B898-078D8CC20AC5}.Debug|Any CPU.Build.0 = Debug|Any CPU
		{5066D093-2890-4587-B898-078D8CC20AC5}.Debug|x64.ActiveCfg = Debug|Any CPU
		{5066D093-2890-4587-B898-078D8CC20AC5}.Debug|x64.Build.0 = Debug|Any CPU
		{5066D093-2890-4587-B898-078D8CC20AC5}.Debug|x86.ActiveCfg = Debug|Any CPU
		{5066D093-2890-4587-B898-078D8CC20AC5}.Debug|x86.Build.0 = Debug|Any CPU
		{5066D093-2890-4587-B898-078D8CC20AC5}.Release|Any CPU.ActiveCfg = Release|Any CPU
		{5066D093-2890-4587-B898-078D8CC20AC5}.Release|Any CPU.Build.0 = Release|Any CPU
		{5066D093-2890-4587-B898-078D8CC20AC5}.Release|x64.ActiveCfg = Release|Any CPU
		{5066D093-2890-4587-B898-078D8CC20AC5}.Release|x64.Build.0 = Release|Any CPU
		{5066D093-2890-4587-B898-078D8CC20AC5}.Release|x86.ActiveCfg = Release|Any CPU
		{5066D093-2890-4587-B898-078D8CC20AC5}.Release|x86.Build.0 = Release|Any CPU
		{2E94E661-BD25-489F-A1E8-54E2F1CFE4E8}.Debug|Any CPU.ActiveCfg = Debug|Any CPU
		{2E94E661-BD25-489F-A1E8-54E2F1CFE4E8}.Debug|Any CPU.Build.0 = Debug|Any CPU
		{2E94E661-BD25-489F-A1E8-54E2F1CFE4E8}.Debug|x64.ActiveCfg = Debug|Any CPU
		{2E94E661-BD25-489F-A1E8-54E2F1CFE4E8}.Debug|x64.Build.0 = Debug|Any CPU
		{2E94E661-BD25-489F-A1E8-54E2F1CFE4E8}.Debug|x86.ActiveCfg = Debug|Any CPU
		{2E94E661-BD25-489F-A1E8-54E2F1CFE4E8}.Debug|x86.Build.0 = Debug|Any CPU
		{2E94E661-BD25-489F-A1E8-54E2F1CFE4E8}.Release|Any CPU.ActiveCfg = Release|Any CPU
		{2E94E661-BD25-489F-A1E8-54E2F1CFE4E8}.Release|Any CPU.Build.0 = Release|Any CPU
		{2E94E661-BD25-489F-A1E8-54E2F1CFE4E8}.Release|x64.ActiveCfg = Release|Any CPU
		{2E94E661-BD25-489F-A1E8-54E2F1CFE4E8}.Release|x64.Build.0 = Release|Any CPU
		{2E94E661-BD25-489F-A1E8-54E2F1CFE4E8}.Release|x86.ActiveCfg = Release|Any CPU
		{2E94E661-BD25-489F-A1E8-54E2F1CFE4E8}.Release|x86.Build.0 = Release|Any CPU
		{A72C504E-60E0-4FE3-83A2-2E7648BB46A6}.Debug|Any CPU.ActiveCfg = Debug|Any CPU
		{A72C504E-60E0-4FE3-83A2-2E7648BB46A6}.Debug|Any CPU.Build.0 = Debug|Any CPU
		{A72C504E-60E0-4FE3-83A2-2E7648BB46A6}.Debug|x64.ActiveCfg = Debug|Any CPU
		{A72C504E-60E0-4FE3-83A2-2E7648BB46A6}.Debug|x64.Build.0 = Debug|Any CPU
		{A72C504E-60E0-4FE3-83A2-2E7648BB46A6}.Debug|x86.ActiveCfg = Debug|Any CPU
		{A72C504E-60E0-4FE3-83A2-2E7648BB46A6}.Debug|x86.Build.0 = Debug|Any CPU
		{A72C504E-60E0-4FE3-83A2-2E7648BB46A6}.Release|Any CPU.ActiveCfg = Release|Any CPU
		{A72C504E-60E0-4FE3-83A2-2E7648BB46A6}.Release|Any CPU.Build.0 = Release|Any CPU
		{A72C504E-60E0-4FE3-83A2-2E7648BB46A6}.Release|x64.ActiveCfg = Release|Any CPU
		{A72C504E-60E0-4FE3-83A2-2E7648BB46A6}.Release|x64.Build.0 = Release|Any CPU
		{A72C504E-60E0-4FE3-83A2-2E7648BB46A6}.Release|x86.ActiveCfg = Release|Any CPU
		{A72C504E-60E0-4FE3-83A2-2E7648BB46A6}.Release|x86.Build.0 = Release|Any CPU
		{56CC1299-8123-472E-8FC0-10A2F6C955BD}.Debug|Any CPU.ActiveCfg = Debug|Any CPU
		{56CC1299-8123-472E-8FC0-10A2F6C955BD}.Debug|Any CPU.Build.0 = Debug|Any CPU
		{56CC1299-8123-472E-8FC0-10A2F6C955BD}.Debug|x64.ActiveCfg = Debug|Any CPU
		{56CC1299-8123-472E-8FC0-10A2F6C955BD}.Debug|x64.Build.0 = Debug|Any CPU
		{56CC1299-8123-472E-8FC0-10A2F6C955BD}.Debug|x86.ActiveCfg = Debug|Any CPU
		{56CC1299-8123-472E-8FC0-10A2F6C955BD}.Debug|x86.Build.0 = Debug|Any CPU
		{56CC1299-8123-472E-8FC0-10A2F6C955BD}.Release|Any CPU.ActiveCfg = Release|Any CPU
		{56CC1299-8123-472E-8FC0-10A2F6C955BD}.Release|Any CPU.Build.0 = Release|Any CPU
		{56CC1299-8123-472E-8FC0-10A2F6C955BD}.Release|x64.ActiveCfg = Release|Any CPU
		{56CC1299-8123-472E-8FC0-10A2F6C955BD}.Release|x64.Build.0 = Release|Any CPU
		{56CC1299-8123-472E-8FC0-10A2F6C955BD}.Release|x86.ActiveCfg = Release|Any CPU
		{56CC1299-8123-472E-8FC0-10A2F6C955BD}.Release|x86.Build.0 = Release|Any CPU
		{41EED9FA-6EAE-4562-8DA3-1DC0E2B08FE1}.Debug|Any CPU.ActiveCfg = Debug|Any CPU
		{41EED9FA-6EAE-4562-8DA3-1DC0E2B08FE1}.Debug|Any CPU.Build.0 = Debug|Any CPU
		{41EED9FA-6EAE-4562-8DA3-1DC0E2B08FE1}.Debug|x64.ActiveCfg = Debug|Any CPU
		{41EED9FA-6EAE-4562-8DA3-1DC0E2B08FE1}.Debug|x64.Build.0 = Debug|Any CPU
		{41EED9FA-6EAE-4562-8DA3-1DC0E2B08FE1}.Debug|x86.ActiveCfg = Debug|Any CPU
		{41EED9FA-6EAE-4562-8DA3-1DC0E2B08FE1}.Debug|x86.Build.0 = Debug|Any CPU
		{41EED9FA-6EAE-4562-8DA3-1DC0E2B08FE1}.Release|Any CPU.ActiveCfg = Release|Any CPU
		{41EED9FA-6EAE-4562-8DA3-1DC0E2B08FE1}.Release|Any CPU.Build.0 = Release|Any CPU
		{41EED9FA-6EAE-4562-8DA3-1DC0E2B08FE1}.Release|x64.ActiveCfg = Release|Any CPU
		{41EED9FA-6EAE-4562-8DA3-1DC0E2B08FE1}.Release|x64.Build.0 = Release|Any CPU
		{41EED9FA-6EAE-4562-8DA3-1DC0E2B08FE1}.Release|x86.ActiveCfg = Release|Any CPU
		{41EED9FA-6EAE-4562-8DA3-1DC0E2B08FE1}.Release|x86.Build.0 = Release|Any CPU
		{02D5C87B-8F7C-4A1C-A6BF-F0D8BA1BD9BD}.Debug|Any CPU.ActiveCfg = Debug|Any CPU
		{02D5C87B-8F7C-4A1C-A6BF-F0D8BA1BD9BD}.Debug|Any CPU.Build.0 = Debug|Any CPU
		{02D5C87B-8F7C-4A1C-A6BF-F0D8BA1BD9BD}.Debug|x64.ActiveCfg = Debug|Any CPU
		{02D5C87B-8F7C-4A1C-A6BF-F0D8BA1BD9BD}.Debug|x64.Build.0 = Debug|Any CPU
		{02D5C87B-8F7C-4A1C-A6BF-F0D8BA1BD9BD}.Debug|x86.ActiveCfg = Debug|Any CPU
		{02D5C87B-8F7C-4A1C-A6BF-F0D8BA1BD9BD}.Debug|x86.Build.0 = Debug|Any CPU
		{02D5C87B-8F7C-4A1C-A6BF-F0D8BA1BD9BD}.Release|Any CPU.ActiveCfg = Release|Any CPU
		{02D5C87B-8F7C-4A1C-A6BF-F0D8BA1BD9BD}.Release|Any CPU.Build.0 = Release|Any CPU
		{02D5C87B-8F7C-4A1C-A6BF-F0D8BA1BD9BD}.Release|x64.ActiveCfg = Release|Any CPU
		{02D5C87B-8F7C-4A1C-A6BF-F0D8BA1BD9BD}.Release|x64.Build.0 = Release|Any CPU
		{02D5C87B-8F7C-4A1C-A6BF-F0D8BA1BD9BD}.Release|x86.ActiveCfg = Release|Any CPU
		{02D5C87B-8F7C-4A1C-A6BF-F0D8BA1BD9BD}.Release|x86.Build.0 = Release|Any CPU
		{E9890B17-61BC-4FDF-A407-A122F3CB242C}.Debug|Any CPU.ActiveCfg = Debug|Any CPU
		{E9890B17-61BC-4FDF-A407-A122F3CB242C}.Debug|Any CPU.Build.0 = Debug|Any CPU
		{E9890B17-61BC-4FDF-A407-A122F3CB242C}.Debug|x64.ActiveCfg = Debug|Any CPU
		{E9890B17-61BC-4FDF-A407-A122F3CB242C}.Debug|x64.Build.0 = Debug|Any CPU
		{E9890B17-61BC-4FDF-A407-A122F3CB242C}.Debug|x86.ActiveCfg = Debug|Any CPU
		{E9890B17-61BC-4FDF-A407-A122F3CB242C}.Debug|x86.Build.0 = Debug|Any CPU
		{E9890B17-61BC-4FDF-A407-A122F3CB242C}.Release|Any CPU.ActiveCfg = Release|Any CPU
		{E9890B17-61BC-4FDF-A407-A122F3CB242C}.Release|Any CPU.Build.0 = Release|Any CPU
		{E9890B17-61BC-4FDF-A407-A122F3CB242C}.Release|x64.ActiveCfg = Release|Any CPU
		{E9890B17-61BC-4FDF-A407-A122F3CB242C}.Release|x64.Build.0 = Release|Any CPU
		{E9890B17-61BC-4FDF-A407-A122F3CB242C}.Release|x86.ActiveCfg = Release|Any CPU
		{E9890B17-61BC-4FDF-A407-A122F3CB242C}.Release|x86.Build.0 = Release|Any CPU
		{2759186C-F580-4462-9AFD-DA0890C8236A}.Debug|Any CPU.ActiveCfg = Debug|Any CPU
		{2759186C-F580-4462-9AFD-DA0890C8236A}.Debug|Any CPU.Build.0 = Debug|Any CPU
		{2759186C-F580-4462-9AFD-DA0890C8236A}.Debug|x64.ActiveCfg = Debug|Any CPU
		{2759186C-F580-4462-9AFD-DA0890C8236A}.Debug|x64.Build.0 = Debug|Any CPU
		{2759186C-F580-4462-9AFD-DA0890C8236A}.Debug|x86.ActiveCfg = Debug|Any CPU
		{2759186C-F580-4462-9AFD-DA0890C8236A}.Debug|x86.Build.0 = Debug|Any CPU
		{2759186C-F580-4462-9AFD-DA0890C8236A}.Release|Any CPU.ActiveCfg = Release|Any CPU
		{2759186C-F580-4462-9AFD-DA0890C8236A}.Release|Any CPU.Build.0 = Release|Any CPU
		{2759186C-F580-4462-9AFD-DA0890C8236A}.Release|x64.ActiveCfg = Release|Any CPU
		{2759186C-F580-4462-9AFD-DA0890C8236A}.Release|x64.Build.0 = Release|Any CPU
		{2759186C-F580-4462-9AFD-DA0890C8236A}.Release|x86.ActiveCfg = Release|Any CPU
		{2759186C-F580-4462-9AFD-DA0890C8236A}.Release|x86.Build.0 = Release|Any CPU
		{53B641EC-B7CD-45C6-869D-15F2B3E6B855}.Debug|Any CPU.ActiveCfg = Debug|Any CPU
		{53B641EC-B7CD-45C6-869D-15F2B3E6B855}.Debug|Any CPU.Build.0 = Debug|Any CPU
		{53B641EC-B7CD-45C6-869D-15F2B3E6B855}.Debug|x64.ActiveCfg = Debug|Any CPU
		{53B641EC-B7CD-45C6-869D-15F2B3E6B855}.Debug|x64.Build.0 = Debug|Any CPU
		{53B641EC-B7CD-45C6-869D-15F2B3E6B855}.Debug|x86.ActiveCfg = Debug|Any CPU
		{53B641EC-B7CD-45C6-869D-15F2B3E6B855}.Debug|x86.Build.0 = Debug|Any CPU
		{53B641EC-B7CD-45C6-869D-15F2B3E6B855}.Release|Any CPU.ActiveCfg = Release|Any CPU
		{53B641EC-B7CD-45C6-869D-15F2B3E6B855}.Release|Any CPU.Build.0 = Release|Any CPU
		{53B641EC-B7CD-45C6-869D-15F2B3E6B855}.Release|x64.ActiveCfg = Release|Any CPU
		{53B641EC-B7CD-45C6-869D-15F2B3E6B855}.Release|x64.Build.0 = Release|Any CPU
		{53B641EC-B7CD-45C6-869D-15F2B3E6B855}.Release|x86.ActiveCfg = Release|Any CPU
		{53B641EC-B7CD-45C6-869D-15F2B3E6B855}.Release|x86.Build.0 = Release|Any CPU
	EndGlobalSection
	GlobalSection(SolutionProperties) = preSolution
		HideSolutionNode = FALSE
	EndGlobalSection
	GlobalSection(NestedProjects) = preSolution
		{FE360695-3F2B-1049-3887-35FBB5135923} = {827E0CD3-B72D-47B6-A68D-7590B98EB39B}
		{A1B2C3D4-E5F6-7890-ABCD-EF1234567890} = {FE360695-3F2B-1049-3887-35FBB5135923}
		{B2C3D4E5-F6A7-8901-BCDE-F12345678901} = {FE360695-3F2B-1049-3887-35FBB5135923}
		{C3D4E5F6-A7B8-9012-CDEF-123456789012} = {FE360695-3F2B-1049-3887-35FBB5135923}
		{F77B2429-4A49-4B7E-8708-8D394F4BA51F} = {A1B2C3D4-E5F6-7890-ABCD-EF1234567890}
		{D4E5F6A7-B8C9-0123-DEF0-234567890123} = {C3D4E5F6-A7B8-9012-CDEF-123456789012}
		{E5F6A7B8-C9D0-1234-EF01-345678901234} = {C3D4E5F6-A7B8-9012-CDEF-123456789012}
		{F6A7B8C9-D0E1-2345-F012-456789012345} = {C3D4E5F6-A7B8-9012-CDEF-123456789012}
		{A7B8C9D0-E1F2-3456-0123-567890123456} = {C3D4E5F6-A7B8-9012-CDEF-123456789012}
		{B8C9D0E1-F2A3-4567-1234-678901234567} = {C3D4E5F6-A7B8-9012-CDEF-123456789012}
		{C9D0E1F2-A3B4-5678-2345-789012345678} = {C3D4E5F6-A7B8-9012-CDEF-123456789012}
		{D0E1F2A3-B4C5-6789-3456-890123456789} = {C3D4E5F6-A7B8-9012-CDEF-123456789012}
		{2C6C04DF-D598-435D-9940-DA78A17C1FD6} = {C3D4E5F6-A7B8-9012-CDEF-123456789012}
		{B47AA438-75E5-4449-954A-7BB77576BD7C} = {C3D4E5F6-A7B8-9012-CDEF-123456789012}
		{67D43A25-84DD-7A75-96AA-5EDFCC44EB47} = {B47AA438-75E5-4449-954A-7BB77576BD7C}
		{C2A58C60-36E9-4649-912C-A959D1B938D0} = {67D43A25-84DD-7A75-96AA-5EDFCC44EB47}
		{F12727AA-ABEF-07AF-E6F0-CD96E3D9A8AF} = {0AB3BF05-4346-4AA6-1389-037BE0695223}
		{9AAADD76-F085-A56B-494F-31834F593650} = {F12727AA-ABEF-07AF-E6F0-CD96E3D9A8AF}
		{905C95E0-103B-4DEA-AF0C-F1ED2BB99C09} = {9AAADD76-F085-A56B-494F-31834F593650}
		{875CD587-DE2F-08EE-74FB-D6BE4E474EF3} = {0AB3BF05-4346-4AA6-1389-037BE0695223}
		{D11CB172-BF83-4263-8F12-0016DA4FCC42} = {875CD587-DE2F-08EE-74FB-D6BE4E474EF3}
		{28A6993C-471E-82FE-7D9E-AD3B1EC22BD9} = {0AB3BF05-4346-4AA6-1389-037BE0695223}
		{0E530DB1-317C-4B3C-944F-128FDA1600E7} = {28A6993C-471E-82FE-7D9E-AD3B1EC22BD9}
		{C10D16A2-C3D5-499B-A044-FA436363A67C} = {28A6993C-471E-82FE-7D9E-AD3B1EC22BD9}
		{74B83562-E491-4E8E-A650-9DD18805D1DB} = {B2C3D4E5-F6A7-8901-BCDE-F12345678901}
		{A509E17E-A4CA-43EA-B764-BAA45D8475CD} = {B2C3D4E5-F6A7-8901-BCDE-F12345678901}
		{30D55E5F-09E2-4920-86BC-B8FE8515B8DB} = {B2C3D4E5-F6A7-8901-BCDE-F12345678901}
		{BA5AEF76-B018-851D-102E-A215CE6ED257} = {B2C3D4E5-F6A7-8901-BCDE-F12345678901}
		{A9236DEC-989E-4EF9-93A4-2C04B8895289} = {BA5AEF76-B018-851D-102E-A215CE6ED257}
		{5F458ED2-C4CC-B43E-2955-1C201A2F7CA2} = {C3D4E5F6-A7B8-9012-CDEF-123456789012}
		{9912405F-9928-41F8-816E-A594DFE45331} = {BA5AEF76-B018-851D-102E-A215CE6ED257}
		{9D556B49-86D1-93A7-9596-FFAAB74EC556} = {0AB3BF05-4346-4AA6-1389-037BE0695223}
		{89CB9495-D0F0-44EF-AB4C-7A1C08F54D70} = {9D556B49-86D1-93A7-9596-FFAAB74EC556}
		{12365B8C-60B2-4EDA-CAB4-08DC6ED3D7FC} = {B2C3D4E5-F6A7-8901-BCDE-F12345678901}
		{B32D148F-BC32-4BA2-A103-A5426FBA917F} = {12365B8C-60B2-4EDA-CAB4-08DC6ED3D7FC}
		{ADFC907D-90B1-4BFD-AD65-2A12D5F5627E} = {12365B8C-60B2-4EDA-CAB4-08DC6ED3D7FC}
		{A80AD4F6-3CB4-434F-8F61-C14622114F01} = {9D556B49-86D1-93A7-9596-FFAAB74EC556}
		{16BFB6CA-E456-B0AD-4A8C-132626F41D74} = {B2C3D4E5-F6A7-8901-BCDE-F12345678901}
		{D465A9F4-99D8-4B64-9998-0A2BCD622822} = {16BFB6CA-E456-B0AD-4A8C-132626F41D74}
		{9020E6FF-A545-4159-A64C-200FC2A534A7} = {16BFB6CA-E456-B0AD-4A8C-132626F41D74}
		{88F2FB3C-B7AE-46F6-AA3F-353560B6B606} = {9D556B49-86D1-93A7-9596-FFAAB74EC556}
		{1534AB34-A78A-2766-A64D-AC0E1F8F2209} = {B2C3D4E5-F6A7-8901-BCDE-F12345678901}
		{46ECA025-9875-4DB2-98BB-E00C369AB0F1} = {1534AB34-A78A-2766-A64D-AC0E1F8F2209}
		{367F9E59-7C59-3DD7-F3CD-31FB7B62CBA1} = {C3D4E5F6-A7B8-9012-CDEF-123456789012}
		{B8A99BF0-138C-4233-1DF2-DE1B8863F6BF} = {B2C3D4E5-F6A7-8901-BCDE-F12345678901}
		{A194C99E-7F26-4D64-822C-2A9A23A389B7} = {B8A99BF0-138C-4233-1DF2-DE1B8863F6BF}
		{7E0DB141-5CB0-4A0D-B308-D3F855B406BD} = {1534AB34-A78A-2766-A64D-AC0E1F8F2209}
		{A47D2372-7BF4-9623-50F3-1DBA8F90FAD0} = {C3D4E5F6-A7B8-9012-CDEF-123456789012}
		{4A13DDB5-AF4C-4A6F-BFE6-FBB76FB1AEC7} = {1534AB34-A78A-2766-A64D-AC0E1F8F2209}
		{0BB9E29F-A5DE-4AC9-84AD-C39CE4A7AD2A} = {9D556B49-86D1-93A7-9596-FFAAB74EC556}
		{6FF483E7-DBD3-43C4-B899-42AB7B185E5B} = {B8A99BF0-138C-4233-1DF2-DE1B8863F6BF}
		{3E5BBD02-E8CC-46F3-B3B0-1D0CE222515C} = {B8A99BF0-138C-4233-1DF2-DE1B8863F6BF}
		{950A1333-E25A-4EB1-A086-8E731C4CF1FC} = {9D556B49-86D1-93A7-9596-FFAAB74EC556}
		{3E8ED6E2-9EE1-41D8-95B7-54F47373C395} = {B2C3D4E5-F6A7-8901-BCDE-F12345678901}
		{FE68742E-CE62-4AA9-BF90-61795BD41A6F} = {3E8ED6E2-9EE1-41D8-95B7-54F47373C395}
		{98208E2C-D147-447D-A172-44F98AE411B5} = {3E8ED6E2-9EE1-41D8-95B7-54F47373C395}
		{507A2481-438A-4793-B67B-4FB90A16AD87} = {3E8ED6E2-9EE1-41D8-95B7-54F47373C395}
		{5066D093-2890-4587-B898-078D8CC20AC5} = {9D556B49-86D1-93A7-9596-FFAAB74EC556}
		{F713F809-E479-1AD3-4FF4-64AA5351F844} = {B2C3D4E5-F6A7-8901-BCDE-F12345678901}
		{2E94E661-BD25-489F-A1E8-54E2F1CFE4E8} = {F713F809-E479-1AD3-4FF4-64AA5351F844}
		{A72C504E-60E0-4FE3-83A2-2E7648BB46A6} = {F713F809-E479-1AD3-4FF4-64AA5351F844}
		{56CC1299-8123-472E-8FC0-10A2F6C955BD} = {F713F809-E479-1AD3-4FF4-64AA5351F844}
		{41EED9FA-6EAE-4562-8DA3-1DC0E2B08FE1} = {9D556B49-86D1-93A7-9596-FFAAB74EC556}
		{30E7F43B-0FC8-4768-6F20-7EFBA8ACE16B} = {B2C3D4E5-F6A7-8901-BCDE-F12345678901}
		{02D5C87B-8F7C-4A1C-A6BF-F0D8BA1BD9BD} = {30E7F43B-0FC8-4768-6F20-7EFBA8ACE16B}
		{E9890B17-61BC-4FDF-A407-A122F3CB242C} = {30E7F43B-0FC8-4768-6F20-7EFBA8ACE16B}
		{2759186C-F580-4462-9AFD-DA0890C8236A} = {30E7F43B-0FC8-4768-6F20-7EFBA8ACE16B}
		{53B641EC-B7CD-45C6-869D-15F2B3E6B855} = {9D556B49-86D1-93A7-9596-FFAAB74EC556}
	EndGlobalSection
EndGlobal
