
Microsoft Visual Studio Solution File, Format Version 12.00
# Visual Studio Version 17
VisualStudioVersion = 17.0.31903.59
MinimumVisualStudioVersion = 10.0.40219.1
Project("{2150E333-8FDC-42A3-9474-1A3956D46DE8}") = "src", "src", "{827E0CD3-B72D-47B6-A68D-7590B98EB39B}"
EndProject
Project("{2150E333-8FDC-42A3-9474-1A3956D46DE8}") = "backend", "backend", "{FE360695-3F2B-1049-3887-35FBB5135923}"
EndProject
Project("{2150E333-8FDC-42A3-9474-1A3956D46DE8}") = "Host", "Host", "{A1B2C3D4-E5F6-7890-ABCD-EF1234567890}"
EndProject
Project("{2150E333-8FDC-42A3-9474-1A3956D46DE8}") = "Modules", "Modules", "{B2C3D4E5-F6A7-8901-BCDE-F12345678901}"
EndProject
Project("{2150E333-8FDC-42A3-9474-1A3956D46DE8}") = "Platform", "Platform", "{C3D4E5F6-A7B8-9012-CDEF-123456789012}"
EndProject
Project("{FAE04EC0-301F-11D3-BF4B-00C04F79EFBC}") = "TravelCore.Api", "src\backend\TravelCore.Api\TravelCore.Api.csproj", "{F77B2429-4A49-4B7E-8708-8D394F4BA51F}"
EndProject
Project("{FAE04EC0-301F-11D3-BF4B-00C04F79EFBC}") = "TravelCore.Modularity", "src\backend\Platform\Modularity\TravelCore.Modularity\TravelCore.Modularity.csproj", "{D4E5F6A7-B8C9-0123-DEF0-234567890123}"
EndProject
Project("{FAE04EC0-301F-11D3-BF4B-00C04F79EFBC}") = "TravelCore.ApiFoundation", "src\backend\Platform\Api\TravelCore.ApiFoundation\TravelCore.ApiFoundation.csproj", "{E5F6A7B8-C9D0-1234-EF01-345678901234}"
EndProject
Project("{FAE04EC0-301F-11D3-BF4B-00C04F79EFBC}") = "TravelCore.Configuration", "src\backend\Platform\Configuration\TravelCore.Configuration\TravelCore.Configuration.csproj", "{F6A7B8C9-D0E1-2345-F012-456789012345}"
EndProject
Project("{FAE04EC0-301F-11D3-BF4B-00C04F79EFBC}") = "TravelCore.Health", "src\backend\Platform\Health\TravelCore.Health\TravelCore.Health.csproj", "{A7B8C9D0-E1F2-3456-0123-567890123456}"
EndProject
Project("{FAE04EC0-301F-11D3-BF4B-00C04F79EFBC}") = "TravelCore.Observability", "src\backend\Platform\Observability\TravelCore.Observability\TravelCore.Observability.csproj", "{B8C9D0E1-F2A3-4567-1234-678901234567}"
EndProject
Project("{FAE04EC0-301F-11D3-BF4B-00C04F79EFBC}") = "TravelCore.Identifiers", "src\backend\Platform\Identifiers\TravelCore.Identifiers\TravelCore.Identifiers.csproj", "{C9D0E1F2-A3B4-5678-2345-789012345678}"
EndProject
Project("{FAE04EC0-301F-11D3-BF4B-00C04F79EFBC}") = "TravelCore.Time", "src\backend\Platform\Time\TravelCore.Time\TravelCore.Time.csproj", "{D0E1F2A3-B4C5-6789-3456-890123456789}"
EndProject
Project("{FAE04EC0-301F-11D3-BF4B-00C04F79EFBC}") = "TravelCore.Money", "src\backend\Platform\Money\TravelCore.Money\TravelCore.Money.csproj", "{2C6C04DF-D598-435D-9940-DA78A17C1FD6}"
EndProject
Project("{2150E333-8FDC-42A3-9474-1A3956D46DE8}") = "Persistence", "Persistence", "{B47AA438-75E5-4449-954A-7BB77576BD7C}"
EndProject
Project("{2150E333-8FDC-42A3-9474-1A3956D46DE8}") = "PostgreSql", "PostgreSql", "{67D43A25-84DD-7A75-96AA-5EDFCC44EB47}"
EndProject
Project("{FAE04EC0-301F-11D3-BF4B-00C04F79EFBC}") = "TravelCore.Persistence.PostgreSql", "src\backend\Platform\Persistence\PostgreSql\TravelCore.Persistence.PostgreSql\TravelCore.Persistence.PostgreSql.csproj", "{C2A58C60-36E9-4649-912C-A959D1B938D0}"
EndProject
Project("{2150E333-8FDC-42A3-9474-1A3956D46DE8}") = "tests", "tests", "{0AB3BF05-4346-4AA6-1389-037BE0695223}"
EndProject
Project("{2150E333-8FDC-42A3-9474-1A3956D46DE8}") = "Fixtures", "Fixtures", "{F12727AA-ABEF-07AF-E6F0-CD96E3D9A8AF}"
EndProject
Project("{2150E333-8FDC-42A3-9474-1A3956D46DE8}") = "Persistence", "Persistence", "{9AAADD76-F085-A56B-494F-31834F593650}"
EndProject
Project("{FAE04EC0-301F-11D3-BF4B-00C04F79EFBC}") = "TravelCore.PersistenceFixture", "tests\Fixtures\Persistence\TravelCore.PersistenceFixture\TravelCore.PersistenceFixture.csproj", "{905C95E0-103B-4DEA-AF0C-F1ED2BB99C09}"
EndProject
Project("{2150E333-8FDC-42A3-9474-1A3956D46DE8}") = "Architecture", "Architecture", "{875CD587-DE2F-08EE-74FB-D6BE4E474EF3}"
EndProject
Project("{FAE04EC0-301F-11D3-BF4B-00C04F79EFBC}") = "TravelCore.ArchitectureTests", "tests\Architecture\TravelCore.ArchitectureTests\TravelCore.ArchitectureTests.csproj", "{D11CB172-BF83-4263-8F12-0016DA4FCC42}"
EndProject
Project("{2150E333-8FDC-42A3-9474-1A3956D46DE8}") = "Integration", "Integration", "{28A6993C-471E-82FE-7D9E-AD3B1EC22BD9}"
EndProject
Project("{FAE04EC0-301F-11D3-BF4B-00C04F79EFBC}") = "TravelCore.Persistence.IntegrationTests", "tests\Integration\TravelCore.Persistence.IntegrationTests\TravelCore.Persistence.IntegrationTests.csproj", "{0E530DB1-317C-4B3C-944F-128FDA1600E7}"
EndProject
Project("{FAE04EC0-301F-11D3-BF4B-00C04F79EFBC}") = "TravelCore.Host.IntegrationTests", "tests\Integration\TravelCore.Host.IntegrationTests\TravelCore.Host.IntegrationTests.csproj", "{C10D16A2-C3D5-499B-A044-FA436363A67C}"
EndProject
Project("{FAE04EC0-301F-11D3-BF4B-00C04F79EFBC}") = "TravelCore.Modules.Identity.Infrastructure", "src\backend\Modules\Identity\TravelCore.Modules.Identity.Infrastructure\TravelCore.Modules.Identity.Infrastructure.csproj", "{74B83562-E491-4E8E-A650-9DD18805D1DB}"
EndProject
Project("{FAE04EC0-301F-11D3-BF4B-00C04F79EFBC}") = "TravelCore.Modules.Access.Infrastructure", "src\backend\Modules\Access\TravelCore.Modules.Access.Infrastructure\TravelCore.Modules.Access.Infrastructure.csproj", "{A509E17E-A4CA-43EA-B764-BAA45D8475CD}"
EndProject
Project("{FAE04EC0-301F-11D3-BF4B-00C04F79EFBC}") = "TravelCore.Modules.Party.Infrastructure", "src\backend\Modules\Party\TravelCore.Modules.Party.Infrastructure\TravelCore.Modules.Party.Infrastructure.csproj", "{30D55E5F-09E2-4920-86BC-B8FE8515B8DB}"
EndProject
Global
	GlobalSection(SolutionConfigurationPlatforms) = preSolution
		Debug|Any CPU = Debug|Any CPU
		Debug|x64 = Debug|x64
		Debug|x86 = Debug|x86
		Release|Any CPU = Release|Any CPU
		Release|x64 = Release|x64
		Release|x86 = Release|x86
	EndGlobalSection
	GlobalSection(ProjectConfigurationPlatforms) = postSolution
		{F77B2429-4A49-4B7E-8708-8D394F4BA51F}.Debug|Any CPU.ActiveCfg = Debug|Any CPU
		{F77B2429-4A49-4B7E-8708-8D394F4BA51F}.Debug|Any CPU.Build.0 = Debug|Any CPU
		{F77B2429-4A49-4B7E-8708-8D394F4BA51F}.Debug|x64.ActiveCfg = Debug|Any CPU
		{F77B2429-4A49-4B7E-8708-8D394F4BA51F}.Debug|x64.Build.0 = Debug|Any CPU
		{F77B2429-4A49-4B7E-8708-8D394F4BA51F}.Debug|x86.ActiveCfg = Debug|Any CPU
		{F77B2429-4A49-4B7E-8708-8D394F4BA51F}.Debug|x86.Build.0 = Debug|Any CPU
		{F77B2429-4A49-4B7E-8708-8D394F4BA51F}.Release|Any CPU.ActiveCfg = Release|Any CPU
		{F77B2429-4A49-4B7E-8708-8D394F4BA51F}.Release|Any CPU.Build.0 = Release|Any CPU
		{F77B2429-4A49-4B7E-8708-8D394F4BA51F}.Release|x64.ActiveCfg = Release|Any CPU
		{F77B2429-4A49-4B7E-8708-8D394F4BA51F}.Release|x64.Build.0 = Release|Any CPU
		{F77B2429-4A49-4B7E-8708-8D394F4BA51F}.Release|x86.ActiveCfg = Release|Any CPU
		{F77B2429-4A49-4B7E-8708-8D394F4BA51F}.Release|x86.Build.0 = Release|Any CPU
		{D4E5F6A7-B8C9-0123-DEF0-234567890123}.Debug|Any CPU.ActiveCfg = Debug|Any CPU
		{D4E5F6A7-B8C9-0123-DEF0-234567890123}.Debug|Any CPU.Build.0 = Debug|Any CPU
		{D4E5F6A7-B8C9-0123-DEF0-234567890123}.Debug|x64.ActiveCfg = Debug|Any CPU
		{D4E5F6A7-B8C9-0123-DEF0-234567890123}.Debug|x64.Build.0 = Debug|Any CPU
		{D4E5F6A7-B8C9-0123-DEF0-234567890123}.Debug|x86.ActiveCfg = Debug|Any CPU
		{D4E5F6A7-B8C9-0123-DEF0-234567890123}.Debug|x86.Build.0 = Debug|Any CPU
		{D4E5F6A7-B8C9-0123-DEF0-234567890123}.Release|Any CPU.ActiveCfg = Release|Any CPU
		{D4E5F6A7-B8C9-0123-DEF0-234567890123}.Release|Any CPU.Build.0 = Release|Any CPU
		{D4E5F6A7-B8C9-0123-DEF0-234567890123}.Release|x64.ActiveCfg = Release|Any CPU
		{D4E5F6A7-B8C9-0123-DEF0-234567890123}.Release|x64.Build.0 = Release|Any CPU
		{D4E5F6A7-B8C9-0123-DEF0-234567890123}.Release|x86.ActiveCfg = Release|Any CPU
		{D4E5F6A7-B8C9-0123-DEF0-234567890123}.Release|x86.Build.0 = Release|Any CPU
		{E5F6A7B8-C9D0-1234-EF01-345678901234}.Debug|Any CPU.ActiveCfg = Debug|Any CPU
		{E5F6A7B8-C9D0-1234-EF01-345678901234}.Debug|Any CPU.Build.0 = Debug|Any CPU
		{E5F6A7B8-C9D0-1234-EF01-345678901234}.Debug|x64.ActiveCfg = Debug|Any CPU
		{E5F6A7B8-C9D0-1234-EF01-345678901234}.Debug|x64.Build.0 = Debug|Any CPU
		{E5F6A7B8-C9D0-1234-EF01-345678901234}.Debug|x86.ActiveCfg = Debug|Any CPU
		{E5F6A7B8-C9D0-1234-EF01-345678901234}.Debug|x86.Build.0 = Debug|Any CPU
		{E5F6A7B8-C9D0-1234-EF01-345678901234}.Release|Any CPU.ActiveCfg = Release|Any CPU
		{E5F6A7B8-C9D0-1234-EF01-345678901234}.Release|Any CPU.Build.0 = Release|Any CPU
		{E5F6A7B8-C9D0-1234-EF01-345678901234}.Release|x64.ActiveCfg = Release|Any CPU
		{E5F6A7B8-C9D0-1234-EF01-345678901234}.Release|x64.Build.0 = Release|Any CPU
		{E5F6A7B8-C9D0-1234-EF01-345678901234}.Release|x86.ActiveCfg = Release|Any CPU
		{E5F6A7B8-C9D0-1234-EF01-345678901234}.Release|x86.Build.0 = Release|Any CPU
		{F6A7B8C9-D0E1-2345-F012-456789012345}.Debug|Any CPU.ActiveCfg = Debug|Any CPU
		{F6A7B8C9-D0E1-2345-F012-456789012345}.Debug|Any CPU.Build.0 = Debug|Any CPU
		{F6A7B8C9-D0E1-2345-F012-456789012345}.Debug|x64.ActiveCfg = Debug|Any CPU
		{F6A7B8C9-D0E1-2345-F012-456789012345}.Debug|x64.Build.0 = Debug|Any CPU
		{F6A7B8C9-D0E1-2345-F012-456789012345}.Debug|x86.ActiveCfg = Debug|Any CPU
		{F6A7B8C9-D0E1-2345-F012-456789012345}.Debug|x86.Build.0 = Debug|Any CPU
		{F6A7B8C9-D0E1-2345-F012-456789012345}.Release|Any CPU.ActiveCfg = Release|Any CPU
		{F6A7B8C9-D0E1-2345-F012-456789012345}.Release|Any CPU.Build.0 = Release|Any CPU
		{F6A7B8C9-D0E1-2345-F012-456789012345}.Release|x64.ActiveCfg = Release|Any CPU
		{F6A7B8C9-D0E1-2345-F012-456789012345}.Release|x64.Build.0 = Release|Any CPU
		{F6A7B8C9-D0E1-2345-F012-456789012345}.Release|x86.ActiveCfg = Release|Any CPU
		{F6A7B8C9-D0E1-2345-F012-456789012345}.Release|x86.Build.0 = Release|Any CPU
		{A7B8C9D0-E1F2-3456-0123-567890123456}.Debug|Any CPU.ActiveCfg = Debug|Any CPU
		{A7B8C9D0-E1F2-3456-0123-567890123456}.Debug|Any CPU.Build.0 = Debug|Any CPU
		{A7B8C9D0-E1F2-3456-0123-567890123456}.Debug|x64.ActiveCfg = Debug|Any CPU
		{A7B8C9D0-E1F2-3456-0123-567890123456}.Debug|x64.Build.0 = Debug|Any CPU
		{A7B8C9D0-E1F2-3456-0123-567890123456}.Debug|x86.ActiveCfg = Debug|Any CPU
		{A7B8C9D0-E1F2-3456-0123-567890123456}.Debug|x86.Build.0 = Debug|Any CPU
		{A7B8C9D0-E1F2-3456-0123-567890123456}.Release|Any CPU.ActiveCfg = Release|Any CPU
		{A7B8C9D0-E1F2-3456-0123-567890123456}.Release|Any CPU.Build.0 = Release|Any CPU
		{A7B8C9D0-E1F2-3456-0123-567890123456}.Release|x64.ActiveCfg = Release|Any CPU
		{A7B8C9D0-E1F2-3456-0123-567890123456}.Release|x64.Build.0 = Release|Any CPU
		{A7B8C9D0-E1F2-3456-0123-567890123456}.Release|x86.ActiveCfg = Release|Any CPU
		{A7B8C9D0-E1F2-3456-0123-567890123456}.Release|x86.Build.0 = Release|Any CPU
		{B8C9D0E1-F2A3-4567-1234-678901234567}.Debug|Any CPU.ActiveCfg = Debug|Any CPU
		{B8C9D0E1-F2A3-4567-1234-678901234567}.Debug|Any CPU.Build.0 = Debug|Any CPU
		{B8C9D0E1-F2A3-4567-1234-678901234567}.Debug|x64.ActiveCfg = Debug|Any CPU
		{B8C9D0E1-F2A3-4567-1234-678901234567}.Debug|x64.Build.0 = Debug|Any CPU
		{B8C9D0E1-F2A3-4567-1234-678901234567}.Debug|x86.ActiveCfg = Debug|Any CPU
		{B8C9D0E1-F2A3-4567-1234-678901234567}.Debug|x86.Build.0 = Debug|Any CPU
		{B8C9D0E1-F2A3-4567-1234-678901234567}.Release|Any CPU.ActiveCfg = Release|Any CPU
		{B8C9D0E1-F2A3-4567-1234-678901234567}.Release|Any CPU.Build.0 = Release|Any CPU
		{B8C9D0E1-F2A3-4567-1234-678901234567}.Release|x64.ActiveCfg = Release|Any CPU
		{B8C9D0E1-F2A3-4567-1234-678901234567}.Release|x64.Build.0 = Release|Any CPU
		{B8C9D0E1-F2A3-4567-1234-678901234567}.Release|x86.ActiveCfg = Release|Any CPU
		{B8C9D0E1-F2A3-4567-1234-678901234567}.Release|x86.Build.0 = Release|Any CPU
		{C9D0E1F2-A3B4-5678-2345-789012345678}.Debug|Any CPU.ActiveCfg = Debug|Any CPU
		{C9D0E1F2-A3B4-5678-2345-789012345678}.Debug|Any CPU.Build.0 = Debug|Any CPU
		{C9D0E1F2-A3B4-5678-2345-789012345678}.Debug|x64.ActiveCfg = Debug|Any CPU
		{C9D0E1F2-A3B4-5678-2345-789012345678}.Debug|x64.Build.0 = Debug|Any CPU
		{C9D0E1F2-A3B4-5678-2345-789012345678}.Debug|x86.ActiveCfg = Debug|Any CPU
		{C9D0E1F2-A3B4-5678-2345-789012345678}.Debug|x86.Build.0 = Debug|Any CPU
		{C9D0E1F2-A3B4-5678-2345-789012345678}.Release|Any CPU.ActiveCfg = Release|Any CPU
		{C9D0E1F2-A3B4-5678-2345-789012345678}.Release|Any CPU.Build.0 = Release|Any CPU
		{C9D0E1F2-A3B4-5678-2345-789012345678}.Release|x64.ActiveCfg = Release|Any CPU
		{C9D0E1F2-A3B4-5678-2345-789012345678}.Release|x64.Build.0 = Release|Any CPU
		{C9D0E1F2-A3B4-5678-2345-789012345678}.Release|x86.ActiveCfg = Release|Any CPU
		{C9D0E1F2-A3B4-5678-2345-789012345678}.Release|x86.Build.0 = Release|Any CPU
		{D0E1F2A3-B4C5-6789-3456-890123456789}.Debug|Any CPU.ActiveCfg = Debug|Any CPU
		{D0E1F2A3-B4C5-6789-3456-890123456789}.Debug|Any CPU.Build.0 = Debug|Any CPU
		{D0E1F2A3-B4C5-6789-3456-890123456789}.Debug|x64.ActiveCfg = Debug|Any CPU
		{D0E1F2A3-B4C5-6789-3456-890123456789}.Debug|x64.Build.0 = Debug|Any CPU
		{D0E1F2A3-B4C5-6789-3456-890123456789}.Debug|x86.ActiveCfg = Debug|Any CPU
		{D0E1F2A3-B4C5-6789-3456-890123456789}.Debug|x86.Build.0 = Debug|Any CPU
		{D0E1F2A3-B4C5-6789-3456-890123456789}.Release|Any CPU.ActiveCfg = Release|Any CPU
		{D0E1F2A3-B4C5-6789-3456-890123456789}.Release|Any CPU.Build.0 = Release|Any CPU
		{D0E1F2A3-B4C5-6789-3456-890123456789}.Release|x64.ActiveCfg = Release|Any CPU
		{D0E1F2A3-B4C5-6789-3456-890123456789}.Release|x64.Build.0 = Release|Any CPU
		{D0E1F2A3-B4C5-6789-3456-890123456789}.Release|x86.ActiveCfg = Release|Any CPU
		{D0E1F2A3-B4C5-6789-3456-890123456789}.Release|x86.Build.0 = Release|Any CPU
		{2C6C04DF-D598-435D-9940-DA78A17C1FD6}.Debug|Any CPU.ActiveCfg = Debug|Any CPU
		{2C6C04DF-D598-435D-9940-DA78A17C1FD6}.Debug|Any CPU.Build.0 = Debug|Any CPU
		{2C6C04DF-D598-435D-9940-DA78A17C1FD6}.Debug|x64.ActiveCfg = Debug|Any CPU
		{2C6C04DF-D598-435D-9940-DA78A17C1FD6}.Debug|x64.Build.0 = Debug|Any CPU
		{2C6C04DF-D598-435D-9940-DA78A17C1FD6}.Debug|x86.ActiveCfg = Debug|Any CPU
		{2C6C04DF-D598-435D-9940-DA78A17C1FD6}.Debug|x86.Build.0 = Debug|Any CPU
		{2C6C04DF-D598-435D-9940-DA78A17C1FD6}.Release|Any CPU.ActiveCfg = Release|Any CPU
		{2C6C04DF-D598-435D-9940-DA78A17C1FD6}.Release|Any CPU.Build.0 = Release|Any CPU
		{2C6C04DF-D598-435D-9940-DA78A17C1FD6}.Release|x64.ActiveCfg = Release|Any CPU
		{2C6C04DF-D598-435D-9940-DA78A17C1FD6}.Release|x64.Build.0 = Release|Any CPU
		{2C6C04DF-D598-435D-9940-DA78A17C1FD6}.Release|x86.ActiveCfg = Release|Any CPU
		{2C6C04DF-D598-435D-9940-DA78A17C1FD6}.Release|x86.Build.0 = Release|Any CPU
		{C2A58C60-36E9-4649-912C-A959D1B938D0}.Debug|Any CPU.ActiveCfg = Debug|Any CPU
		{C2A58C60-36E9-4649-912C-A959D1B938D0}.Debug|Any CPU.Build.0 = Debug|Any CPU
		{C2A58C60-36E9-4649-912C-A959D1B938D0}.Debug|x64.ActiveCfg = Debug|Any CPU
		{C2A58C60-36E9-4649-912C-A959D1B938D0}.Debug|x64.Build.0 = Debug|Any CPU
		{C2A58C60-36E9-4649-912C-A959D1B938D0}.Debug|x86.ActiveCfg = Debug|Any CPU
		{C2A58C60-36E9-4649-912C-A959D1B938D0}.Debug|x86.Build.0 = Debug|Any CPU
		{C2A58C60-36E9-4649-912C-A959D1B938D0}.Release|Any CPU.ActiveCfg = Release|Any CPU
		{C2A58C60-36E9-4649-912C-A959D1B938D0}.Release|Any CPU.Build.0 = Release|Any CPU
		{C2A58C60-36E9-4649-912C-A959D1B938D0}.Release|x64.ActiveCfg = Release|Any CPU
		{C2A58C60-36E9-4649-912C-A959D1B938D0}.Release|x64.Build.0 = Release|Any CPU
		{C2A58C60-36E9-4649-912C-A959D1B938D0}.Release|x86.ActiveCfg = Release|Any CPU
		{C2A58C60-36E9-4649-912C-A959D1B938D0}.Release|x86.Build.0 = Release|Any CPU
		{905C95E0-103B-4DEA-AF0C-F1ED2BB99C09}.Debug|Any CPU.ActiveCfg = Debug|Any CPU
		{905C95E0-103B-4DEA-AF0C-F1ED2BB99C09}.Debug|Any CPU.Build.0 = Debug|Any CPU
		{905C95E0-103B-4DEA-AF0C-F1ED2BB99C09}.Debug|x64.ActiveCfg = Debug|Any CPU
		{905C95E0-103B-4DEA-AF0C-F1ED2BB99C09}.Debug|x64.Build.0 = Debug|Any CPU
		{905C95E0-103B-4DEA-AF0C-F1ED2BB99C09}.Debug|x86.ActiveCfg = Debug|Any CPU
		{905C95E0-103B-4DEA-AF0C-F1ED2BB99C09}.Debug|x86.Build.0 = Debug|Any CPU
		{905C95E0-103B-4DEA-AF0C-F1ED2BB99C09}.Release|Any CPU.ActiveCfg = Release|Any CPU
		{905C95E0-103B-4DEA-AF0C-F1ED2BB99C09}.Release|Any CPU.Build.0 = Release|Any CPU
		{905C95E0-103B-4DEA-AF0C-F1ED2BB99C09}.Release|x64.ActiveCfg = Release|Any CPU
		{905C95E0-103B-4DEA-AF0C-F1ED2BB99C09}.Release|x64.Build.0 = Release|Any CPU
		{905C95E0-103B-4DEA-AF0C-F1ED2BB99C09}.Release|x86.ActiveCfg = Release|Any CPU
		{905C95E0-103B-4DEA-AF0C-F1ED2BB99C09}.Release|x86.Build.0 = Release|Any CPU
		{D11CB172-BF83-4263-8F12-0016DA4FCC42}.Debug|Any CPU.ActiveCfg = Debug|Any CPU
		{D11CB172-BF83-4263-8F12-0016DA4FCC42}.Debug|Any CPU.Build.0 = Debug|Any CPU
		{D11CB172-BF83-4263-8F12-0016DA4FCC42}.Debug|x64.ActiveCfg = Debug|Any CPU
		{D11CB172-BF83-4263-8F12-0016DA4FCC42}.Debug|x64.Build.0 = Debug|Any CPU
		{D11CB172-BF83-4263-8F12-0016DA4FCC42}.Debug|x86.ActiveCfg = Debug|Any CPU
		{D11CB172-BF83-4263-8F12-0016DA4FCC42}.Debug|x86.Build.0 = Debug|Any CPU
		{D11CB172-BF83-4263-8F12-0016DA4FCC42}.Release|Any CPU.ActiveCfg = Release|Any CPU
		{D11CB172-BF83-4263-8F12-0016DA4FCC42}.Release|Any CPU.Build.0 = Release|Any CPU
		{D11CB172-BF83-4263-8F12-0016DA4FCC42}.Release|x64.ActiveCfg = Release|Any CPU
		{D11CB172-BF83-4263-8F12-0016DA4FCC42}.Release|x64.Build.0 = Release|Any CPU
		{D11CB172-BF83-4263-8F12-0016DA4FCC42}.Release|x86.ActiveCfg = Release|Any CPU
		{D11CB172-BF83-4263-8F12-0016DA4FCC42}.Release|x86.Build.0 = Release|Any CPU
		{0E530DB1-317C-4B3C-944F-128FDA1600E7}.Debug|Any CPU.ActiveCfg = Debug|Any CPU
		{0E530DB1-317C-4B3C-944F-128FDA1600E7}.Debug|Any CPU.Build.0 = Debug|Any CPU
		{0E530DB1-317C-4B3C-944F-128FDA1600E7}.Debug|x64.ActiveCfg = Debug|Any CPU
		{0E530DB1-317C-4B3C-944F-128FDA1600E7}.Debug|x64.Build.0 = Debug|Any CPU
		{0E530DB1-317C-4B3C-944F-128FDA1600E7}.Debug|x86.ActiveCfg = Debug|Any CPU
		{0E530DB1-317C-4B3C-944F-128FDA1600E7}.Debug|x86.Build.0 = Debug|Any CPU
		{0E530DB1-317C-4B3C-944F-128FDA1600E7}.Release|Any CPU.ActiveCfg = Release|Any CPU
		{0E530DB1-317C-4B3C-944F-128FDA1600E7}.Release|Any CPU.Build.0 = Release|Any CPU
		{0E530DB1-317C-4B3C-944F-128FDA1600E7}.Release|x64.ActiveCfg = Release|Any CPU
		{0E530DB1-317C-4B3C-944F-128FDA1600E7}.Release|x64.Build.0 = Release|Any CPU
		{0E530DB1-317C-4B3C-944F-128FDA1600E7}.Release|x86.ActiveCfg = Release|Any CPU
		{0E530DB1-317C-4B3C-944F-128FDA1600E7}.Release|x86.Build.0 = Release|Any CPU
		{C10D16A2-C3D5-499B-A044-FA436363A67C}.Debug|Any CPU.ActiveCfg = Debug|Any CPU
		{C10D16A2-C3D5-499B-A044-FA436363A67C}.Debug|Any CPU.Build.0 = Debug|Any CPU
		{C10D16A2-C3D5-499B-A044-FA436363A67C}.Debug|x64.ActiveCfg = Debug|Any CPU
		{C10D16A2-C3D5-499B-A044-FA436363A67C}.Debug|x64.Build.0 = Debug|Any CPU
		{C10D16A2-C3D5-499B-A044-FA436363A67C}.Debug|x86.ActiveCfg = Debug|Any CPU
		{C10D16A2-C3D5-499B-A044-FA436363A67C}.Debug|x86.Build.0 = Debug|Any CPU
		{C10D16A2-C3D5-499B-A044-FA436363A67C}.Release|Any CPU.ActiveCfg = Release|Any CPU
		{C10D16A2-C3D5-499B-A044-FA436363A67C}.Release|Any CPU.Build.0 = Release|Any CPU
		{C10D16A2-C3D5-499B-A044-FA436363A67C}.Release|x64.ActiveCfg = Release|Any CPU
		{C10D16A2-C3D5-499B-A044-FA436363A67C}.Release|x64.Build.0 = Release|Any CPU
		{C10D16A2-C3D5-499B-A044-FA436363A67C}.Release|x86.ActiveCfg = Release|Any CPU
		{C10D16A2-C3D5-499B-A044-FA436363A67C}.Release|x86.Build.0 = Release|Any CPU
		{74B83562-E491-4E8E-A650-9DD18805D1DB}.Debug|Any CPU.ActiveCfg = Debug|Any CPU
		{74B83562-E491-4E8E-A650-9DD18805D1DB}.Debug|Any CPU.Build.0 = Debug|Any CPU
		{74B83562-E491-4E8E-A650-9DD18805D1DB}.Debug|x64.ActiveCfg = Debug|Any CPU
		{74B83562-E491-4E8E-A650-9DD18805D1DB}.Debug|x64.Build.0 = Debug|Any CPU
		{74B83562-E491-4E8E-A650-9DD18805D1DB}.Debug|x86.ActiveCfg = Debug|Any CPU
		{74B83562-E491-4E8E-A650-9DD18805D1DB}.Debug|x86.Build.0 = Debug|Any CPU
		{74B83562-E491-4E8E-A650-9DD18805D1DB}.Release|Any CPU.ActiveCfg = Release|Any CPU
		{74B83562-E491-4E8E-A650-9DD18805D1DB}.Release|Any CPU.Build.0 = Release|Any CPU
		{74B83562-E491-4E8E-A650-9DD18805D1DB}.Release|x64.ActiveCfg = Release|Any CPU
		{74B83562-E491-4E8E-A650-9DD18805D1DB}.Release|x64.Build.0 = Release|Any CPU
		{74B83562-E491-4E8E-A650-9DD18805D1DB}.Release|x86.ActiveCfg = Release|Any CPU
		{74B83562-E491-4E8E-A650-9DD18805D1DB}.Release|x86.Build.0 = Release|Any CPU
		{A509E17E-A4CA-43EA-B764-BAA45D8475CD}.Debug|Any CPU.ActiveCfg = Debug|Any CPU
		{A509E17E-A4CA-43EA-B764-BAA45D8475CD}.Debug|Any CPU.Build.0 = Debug|Any CPU
		{A509E17E-A4CA-43EA-B764-BAA45D8475CD}.Debug|x64.ActiveCfg = Debug|Any CPU
		{A509E17E-A4CA-43EA-B764-BAA45D8475CD}.Debug|x64.Build.0 = Debug|Any CPU
		{A509E17E-A4CA-43EA-B764-BAA45D8475CD}.Debug|x86.ActiveCfg = Debug|Any CPU
		{A509E17E-A4CA-43EA-B764-BAA45D8475CD}.Debug|x86.Build.0 = Debug|Any CPU
		{A509E17E-A4CA-43EA-B764-BAA45D8475CD}.Release|Any CPU.ActiveCfg = Release|Any CPU
		{A509E17E-A4CA-43EA-B764-BAA45D8475CD}.Release|Any CPU.Build.0 = Release|Any CPU
		{A509E17E-A4CA-43EA-B764-BAA45D8475CD}.Release|x64.ActiveCfg = Release|Any CPU
		{A509E17E-A4CA-43EA-B764-BAA45D8475CD}.Release|x64.Build.0 = Release|Any CPU
		{A509E17E-A4CA-43EA-B764-BAA45D8475CD}.Release|x86.ActiveCfg = Release|Any CPU
		{A509E17E-A4CA-43EA-B764-BAA45D8475CD}.Release|x86.Build.0 = Release|Any CPU
		{30D55E5F-09E2-4920-86BC-B8FE8515B8DB}.Debug|Any CPU.ActiveCfg = Debug|Any CPU
		{30D55E5F-09E2-4920-86BC-B8FE8515B8DB}.Debug|Any CPU.Build.0 = Debug|Any CPU
		{30D55E5F-09E2-4920-86BC-B8FE8515B8DB}.Debug|x64.ActiveCfg = Debug|Any CPU
		{30D55E5F-09E2-4920-86BC-B8FE8515B8DB}.Debug|x64.Build.0 = Debug|Any CPU
		{30D55E5F-09E2-4920-86BC-B8FE8515B8DB}.Debug|x86.ActiveCfg = Debug|Any CPU
		{30D55E5F-09E2-4920-86BC-B8FE8515B8DB}.Debug|x86.Build.0 = Debug|Any CPU
		{30D55E5F-09E2-4920-86BC-B8FE8515B8DB}.Release|Any CPU.ActiveCfg = Release|Any CPU
		{30D55E5F-09E2-4920-86BC-B8FE8515B8DB}.Release|Any CPU.Build.0 = Release|Any CPU
		{30D55E5F-09E2-4920-86BC-B8FE8515B8DB}.Release|x64.ActiveCfg = Release|Any CPU
		{30D55E5F-09E2-4920-86BC-B8FE8515B8DB}.Release|x64.Build.0 = Release|Any CPU
		{30D55E5F-09E2-4920-86BC-B8FE8515B8DB}.Release|x86.ActiveCfg = Release|Any CPU
		{30D55E5F-09E2-4920-86BC-B8FE8515B8DB}.Release|x86.Build.0 = Release|Any CPU
	EndGlobalSection
	GlobalSection(SolutionProperties) = preSolution
		HideSolutionNode = FALSE
	EndGlobalSection
	GlobalSection(NestedProjects) = preSolution
		{FE360695-3F2B-1049-3887-35FBB5135923} = {827E0CD3-B72D-47B6-A68D-7590B98EB39B}
		{A1B2C3D4-E5F6-7890-ABCD-EF1234567890} = {FE360695-3F2B-1049-3887-35FBB5135923}
		{B2C3D4E5-F6A7-8901-BCDE-F12345678901} = {FE360695-3F2B-1049-3887-35FBB5135923}
		{C3D4E5F6-A7B8-9012-CDEF-123456789012} = {FE360695-3F2B-1049-3887-35FBB5135923}
		{F77B2429-4A49-4B7E-8708-8D394F4BA51F} = {A1B2C3D4-E5F6-7890-ABCD-EF1234567890}
		{D4E5F6A7-B8C9-0123-DEF0-234567890123} = {C3D4E5F6-A7B8-9012-CDEF-123456789012}
		{E5F6A7B8-C9D0-1234-EF01-345678901234} = {C3D4E5F6-A7B8-9012-CDEF-123456789012}
		{F6A7B8C9-D0E1-2345-F012-456789012345} = {C3D4E5F6-A7B8-9012-CDEF-123456789012}
		{A7B8C9D0-E1F2-3456-0123-567890123456} = {C3D4E5F6-A7B8-9012-CDEF-123456789012}
		{B8C9D0E1-F2A3-4567-1234-678901234567} = {C3D4E5F6-A7B8-9012-CDEF-123456789012}
		{C9D0E1F2-A3B4-5678-2345-789012345678} = {C3D4E5F6-A7B8-9012-CDEF-123456789012}
		{D0E1F2A3-B4C5-6789-3456-890123456789} = {C3D4E5F6-A7B8-9012-CDEF-123456789012}
		{2C6C04DF-D598-435D-9940-DA78A17C1FD6} = {C3D4E5F6-A7B8-9012-CDEF-123456789012}
		{B47AA438-75E5-4449-954A-7BB77576BD7C} = {C3D4E5F6-A7B8-9012-CDEF-123456789012}
		{67D43A25-84DD-7A75-96AA-5EDFCC44EB47} = {B47AA438-75E5-4449-954A-7BB77576BD7C}
		{C2A58C60-36E9-4649-912C-A959D1B938D0} = {67D43A25-84DD-7A75-96AA-5EDFCC44EB47}
		{F12727AA-ABEF-07AF-E6F0-CD96E3D9A8AF} = {0AB3BF05-4346-4AA6-1389-037BE0695223}
		{9AAADD76-F085-A56B-494F-31834F593650} = {F12727AA-ABEF-07AF-E6F0-CD96E3D9A8AF}
		{905C95E0-103B-4DEA-AF0C-F1ED2BB99C09} = {9AAADD76-F085-A56B-494F-31834F593650}
		{875CD587-DE2F-08EE-74FB-D6BE4E474EF3} = {0AB3BF05-4346-4AA6-1389-037BE0695223}
		{D11CB172-BF83-4263-8F12-0016DA4FCC42} = {875CD587-DE2F-08EE-74FB-D6BE4E474EF3}
		{28A6993C-471E-82FE-7D9E-AD3B1EC22BD9} = {0AB3BF05-4346-4AA6-1389-037BE0695223}
		{0E530DB1-317C-4B3C-944F-128FDA1600E7} = {28A6993C-471E-82FE-7D9E-AD3B1EC22BD9}
		{C10D16A2-C3D5-499B-A044-FA436363A67C} = {28A6993C-471E-82FE-7D9E-AD3B1EC22BD9}
		{74B83562-E491-4E8E-A650-9DD18805D1DB} = {B2C3D4E5-F6A7-8901-BCDE-F12345678901}
		{A509E17E-A4CA-43EA-B764-BAA45D8475CD} = {B2C3D4E5-F6A7-8901-BCDE-F12345678901}
		{30D55E5F-09E2-4920-86BC-B8FE8515B8DB} = {B2C3D4E5-F6A7-8901-BCDE-F12345678901}
	EndGlobalSection
EndGlobal
