Microsoft Visual Studio Solution File, Format Version 12.00
# Visual Studio Version 17
VisualStudioVersion = 17.0.31903.59
MinimumVisualStudioVersion = 10.0.40219.1
Project("{2150E333-8FDC-42A3-9474-1A3956D46DE8}") = "src", "src", "{827E0CD3-B72D-47B6-A68D-7590B98EB39B}"
EndProject
Project("{2150E333-8FDC-42A3-9474-1A3956D46DE8}") = "backend", "backend", "{FE360695-3F2B-1049-3887-35FBB5135923}"
EndProject
Project("{2150E333-8FDC-42A3-9474-1A3956D46DE8}") = "Host", "Host", "{A1B2C3D4-E5F6-7890-ABCD-EF1234567890}"
EndProject
Project("{2150E333-8FDC-42A3-9474-1A3956D46DE8}") = "Modules", "Modules", "{B2C3D4E5-F6A7-8901-BCDE-F12345678901}"
EndProject
Project("{2150E333-8FDC-42A3-9474-1A3956D46DE8}") = "Platform", "Platform", "{C3D4E5F6-A7B8-9012-CDEF-123456789012}"
EndProject
Project("{FAE04EC0-301F-11D3-BF4B-00C04F79EFBC}") = "TravelCore.Api", "src\backend\TravelCore.Api\TravelCore.Api.csproj", "{F77B2429-4A49-4B7E-8708-8D394F4BA51F}"
EndProject
Project("{FAE04EC0-301F-11D3-BF4B-00C04F79EFBC}") = "TravelCore.Modularity", "src\backend\Platform\Modularity\TravelCore.Modularity\TravelCore.Modularity.csproj", "{D4E5F6A7-B8C9-0123-DEF0-234567890123}"
EndProject
Global
	GlobalSection(SolutionConfigurationPlatforms) = preSolution
		Debug|Any CPU = Debug|Any CPU
		Debug|x64 = Debug|x64
		Debug|x86 = Debug|x86
		Release|Any CPU = Release|Any CPU
		Release|x64 = Release|x64
		Release|x86 = Release|x86
	EndGlobalSection
	GlobalSection(ProjectConfigurationPlatforms) = postSolution
		{F77B2429-4A49-4B7E-8708-8D394F4BA51F}.Debug|Any CPU.ActiveCfg = Debug|Any CPU
		{F77B2429-4A49-4B7E-8708-8D394F4BA51F}.Debug|Any CPU.Build.0 = Debug|Any CPU
		{F77B2429-4A49-4B7E-8708-8D394F4BA51F}.Debug|x64.ActiveCfg = Debug|Any CPU
		{F77B2429-4A49-4B7E-8708-8D394F4BA51F}.Debug|x64.Build.0 = Debug|Any CPU
		{F77B2429-4A49-4B7E-8708-8D394F4BA51F}.Debug|x86.ActiveCfg = Debug|Any CPU
		{F77B2429-4A49-4B7E-8708-8D394F4BA51F}.Debug|x86.Build.0 = Debug|Any CPU
		{F77B2429-4A49-4B7E-8708-8D394F4BA51F}.Release|Any CPU.ActiveCfg = Release|Any CPU
		{F77B2429-4A49-4B7E-8708-8D394F4BA51F}.Release|Any CPU.Build.0 = Release|Any CPU
		{F77B2429-4A49-4B7E-8708-8D394F4BA51F}.Release|x64.ActiveCfg = Release|Any CPU
		{F77B2429-4A49-4B7E-8708-8D394F4BA51F}.Release|x64.Build.0 = Release|Any CPU
		{F77B2429-4A49-4B7E-8708-8D394F4BA51F}.Release|x86.ActiveCfg = Release|Any CPU
		{F77B2429-4A49-4B7E-8708-8D394F4BA51F}.Release|x86.Build.0 = Release|Any CPU
		{D4E5F6A7-B8C9-0123-DEF0-234567890123}.Debug|Any CPU.ActiveCfg = Debug|Any CPU
		{D4E5F6A7-B8C9-0123-DEF0-234567890123}.Debug|Any CPU.Build.0 = Debug|Any CPU
		{D4E5F6A7-B8C9-0123-DEF0-234567890123}.Debug|x64.ActiveCfg = Debug|Any CPU
		{D4E5F6A7-B8C9-0123-DEF0-234567890123}.Debug|x64.Build.0 = Debug|Any CPU
		{D4E5F6A7-B8C9-0123-DEF0-234567890123}.Debug|x86.ActiveCfg = Debug|Any CPU
		{D4E5F6A7-B8C9-0123-DEF0-234567890123}.Debug|x86.Build.0 = Debug|Any CPU
		{D4E5F6A7-B8C9-0123-DEF0-234567890123}.Release|Any CPU.ActiveCfg = Release|Any CPU
		{D4E5F6A7-B8C9-0123-DEF0-234567890123}.Release|Any CPU.Build.0 = Release|Any CPU
		{D4E5F6A7-B8C9-0123-DEF0-234567890123}.Release|x64.ActiveCfg = Release|Any CPU
		{D4E5F6A7-B8C9-0123-DEF0-234567890123}.Release|x64.Build.0 = Release|Any CPU
		{D4E5F6A7-B8C9-0123-DEF0-234567890123}.Release|x86.ActiveCfg = Release|Any CPU
		{D4E5F6A7-B8C9-0123-DEF0-234567890123}.Release|x86.Build.0 = Release|Any CPU
	EndGlobalSection
	GlobalSection(SolutionProperties) = preSolution
		HideSolutionNode = FALSE
	EndGlobalSection
	GlobalSection(NestedProjects) = preSolution
		{FE360695-3F2B-1049-3887-35FBB5135923} = {827E0CD3-B72D-47B6-A68D-7590B98EB39B}
		{A1B2C3D4-E5F6-7890-ABCD-EF1234567890} = {FE360695-3F2B-1049-3887-35FBB5135923}
		{B2C3D4E5-F6A7-8901-BCDE-F12345678901} = {FE360695-3F2B-1049-3887-35FBB5135923}
		{C3D4E5F6-A7B8-9012-CDEF-123456789012} = {FE360695-3F2B-1049-3887-35FBB5135923}
		{F77B2429-4A49-4B7E-8708-8D394F4BA51F} = {A1B2C3D4-E5F6-7890-ABCD-EF1234567890}
		{D4E5F6A7-B8C9-0123-DEF0-234567890123} = {C3D4E5F6-A7B8-9012-CDEF-123456789012}
	EndGlobalSection
EndGlobal
